
Microsoft Visual Studio Solution File, Format Version 12.00
# Visual Studio 15
VisualStudioVersion = 15.0.26124.0
MinimumVisualStudioVersion = 15.0.26124.0
Project("{2150E333-8FDC-42A3-9474-1A3956D46DE8}") = "src", "src", "{89021C03-C033-41F1-A1EA-39D80A130FCA}"
EndProject
Project("{FAE04EC0-301F-11D3-BF4B-00C04F79EFBC}") = "Scorpio.Domain", "src\Scorpio.Domain\Scorpio.Domain.csproj", "{B2823C43-7F5A-4C72-AC44-2C7C87E42EA7}"
EndProject
Project("{FAE04EC0-301F-11D3-BF4B-00C04F79EFBC}") = "Scorpio.Application", "src\Scorpio.Application\Scorpio.Application.csproj", "{8EC64314-9B20-455B-92AA-8AE9921E1230}"
EndProject
Global
	GlobalSection(SolutionConfigurationPlatforms) = preSolution
		Debug|Any CPU = Debug|Any CPU
		Debug|x64 = Debug|x64
		Debug|x86 = Debug|x86
		Release|Any CPU = Release|Any CPU
		Release|x64 = Release|x64
		Release|x86 = Release|x86
	EndGlobalSection
	GlobalSection(SolutionProperties) = preSolution
		HideSolutionNode = FALSE
	EndGlobalSection
	GlobalSection(ProjectConfigurationPlatforms) = postSolution
		{B2823C43-7F5A-4C72-AC44-2C7C87E42EA7}.Debug|Any CPU.ActiveCfg = Debug|Any CPU
		{B2823C43-7F5A-4C72-AC44-2C7C87E42EA7}.Debug|Any CPU.Build.0 = Debug|Any CPU
		{B2823C43-7F5A-4C72-AC44-2C7C87E42EA7}.Debug|x64.ActiveCfg = Debug|Any CPU
		{B2823C43-7F5A-4C72-AC44-2C7C87E42EA7}.Debug|x64.Build.0 = Debug|Any CPU
		{B2823C43-7F5A-4C72-AC44-2C7C87E42EA7}.Debug|x86.ActiveCfg = Debug|Any CPU
		{B2823C43-7F5A-4C72-AC44-2C7C87E42EA7}.Debug|x86.Build.0 = Debug|Any CPU
		{B2823C43-7F5A-4C72-AC44-2C7C87E42EA7}.Release|Any CPU.ActiveCfg = Release|Any CPU
		{B2823C43-7F5A-4C72-AC44-2C7C87E42EA7}.Release|Any CPU.Build.0 = Release|Any CPU
		{B2823C43-7F5A-4C72-AC44-2C7C87E42EA7}.Release|x64.ActiveCfg = Release|Any CPU
		{B2823C43-7F5A-4C72-AC44-2C7C87E42EA7}.Release|x64.Build.0 = Release|Any CPU
		{B2823C43-7F5A-4C72-AC44-2C7C87E42EA7}.Release|x86.ActiveCfg = Release|Any CPU
		{B2823C43-7F5A-4C72-AC44-2C7C87E42EA7}.Release|x86.Build.0 = Release|Any CPU
		{8EC64314-9B20-455B-92AA-8AE9921E1230}.Debug|Any CPU.ActiveCfg = Debug|Any CPU
		{8EC64314-9B20-455B-92AA-8AE9921E1230}.Debug|Any CPU.Build.0 = Debug|Any CPU
		{8EC64314-9B20-455B-92AA-8AE9921E1230}.Debug|x64.ActiveCfg = Debug|Any CPU
		{8EC64314-9B20-455B-92AA-8AE9921E1230}.Debug|x64.Build.0 = Debug|Any CPU
		{8EC64314-9B20-455B-92AA-8AE9921E1230}.Debug|x86.ActiveCfg = Debug|Any CPU
		{8EC64314-9B20-455B-92AA-8AE9921E1230}.Debug|x86.Build.0 = Debug|Any CPU
		{8EC64314-9B20-455B-92AA-8AE9921E1230}.Release|Any CPU.ActiveCfg = Release|Any CPU
		{8EC64314-9B20-455B-92AA-8AE9921E1230}.Release|Any CPU.Build.0 = Release|Any CPU
		{8EC64314-9B20-455B-92AA-8AE9921E1230}.Release|x64.ActiveCfg = Release|Any CPU
		{8EC64314-9B20-455B-92AA-8AE9921E1230}.Release|x64.Build.0 = Release|Any CPU
		{8EC64314-9B20-455B-92AA-8AE9921E1230}.Release|x86.ActiveCfg = Release|Any CPU
		{8EC64314-9B20-455B-92AA-8AE9921E1230}.Release|x86.Build.0 = Release|Any CPU
	EndGlobalSection
	GlobalSection(NestedProjects) = preSolution
		{B2823C43-7F5A-4C72-AC44-2C7C87E42EA7} = {89021C03-C033-41F1-A1EA-39D80A130FCA}
		{8EC64314-9B20-455B-92AA-8AE9921E1230} = {89021C03-C033-41F1-A1EA-39D80A130FCA}
	EndGlobalSection
EndGlobal
