
Microsoft Visual Studio Solution File, Format Version 12.00
# Visual Studio 15
VisualStudioVersion = 15.0.26124.0
MinimumVisualStudioVersion = 15.0.26124.0
Project("{2150E333-8FDC-42A3-9474-1A3956D46DE8}") = "src", "src", "{AEF6A88B-4EFD-40FA-B1C2-1A5EC8D0542D}"
EndProject
Project("{FAE04EC0-301F-11D3-BF4B-00C04F79EFBC}") = "Scorpio.AspNetCore", "src\Scorpio.AspNetCore\Scorpio.AspNetCore.csproj", "{82F70901-A7E7-42AC-B702-27ACB574CDE8}"
EndProject
Project("{FAE04EC0-301F-11D3-BF4B-00C04F79EFBC}") = "Scorpio.AspNetCore.Mvc", "src\Scorpio.AspNetCore.Mvc\Scorpio.AspNetCore.Mvc.csproj", "{A2ACF686-B8CD-4C83-8080-83FAF991E013}"
EndProject
Project("{FAE04EC0-301F-11D3-BF4B-00C04F79EFBC}") = "Scorpio.AspNetCore.UI", "src\Scorpio.AspNetCore.UI\Scorpio.AspNetCore.UI.csproj", "{5EDD24CE-A965-4F81-A9BF-1B67C3AEB9F7}"
EndProject
Project("{FAE04EC0-301F-11D3-BF4B-00C04F79EFBC}") = "Scorpio.AspNetCore.UI.Bootstrap", "src\Scorpio.AspNetCore.UI.Bootstrap\Scorpio.AspNetCore.UI.Bootstrap.csproj", "{A0603264-EB4B-47AC-A548-97639659854F}"
EndProject
Global
	GlobalSection(SolutionConfigurationPlatforms) = preSolution
		Debug|Any CPU = Debug|Any CPU
		Debug|x64 = Debug|x64
		Debug|x86 = Debug|x86
		Release|Any CPU = Release|Any CPU
		Release|x64 = Release|x64
		Release|x86 = Release|x86
	EndGlobalSection
	GlobalSection(SolutionProperties) = preSolution
		HideSolutionNode = FALSE
	EndGlobalSection
	GlobalSection(ProjectConfigurationPlatforms) = postSolution
		{82F70901-A7E7-42AC-B702-27ACB574CDE8}.Debug|Any CPU.ActiveCfg = Debug|Any CPU
		{82F70901-A7E7-42AC-B702-27ACB574CDE8}.Debug|Any CPU.Build.0 = Debug|Any CPU
		{82F70901-A7E7-42AC-B702-27ACB574CDE8}.Debug|x64.ActiveCfg = Debug|Any CPU
		{82F70901-A7E7-42AC-B702-27ACB574CDE8}.Debug|x64.Build.0 = Debug|Any CPU
		{82F70901-A7E7-42AC-B702-27ACB574CDE8}.Debug|x86.ActiveCfg = Debug|Any CPU
		{82F70901-A7E7-42AC-B702-27ACB574CDE8}.Debug|x86.Build.0 = Debug|Any CPU
		{82F70901-A7E7-42AC-B702-27ACB574CDE8}.Release|Any CPU.ActiveCfg = Release|Any CPU
		{82F70901-A7E7-42AC-B702-27ACB574CDE8}.Release|Any CPU.Build.0 = Release|Any CPU
		{82F70901-A7E7-42AC-B702-27ACB574CDE8}.Release|x64.ActiveCfg = Release|Any CPU
		{82F70901-A7E7-42AC-B702-27ACB574CDE8}.Release|x64.Build.0 = Release|Any CPU
		{82F70901-A7E7-42AC-B702-27ACB574CDE8}.Release|x86.ActiveCfg = Release|Any CPU
		{82F70901-A7E7-42AC-B702-27ACB574CDE8}.Release|x86.Build.0 = Release|Any CPU
		{A2ACF686-B8CD-4C83-8080-83FAF991E013}.Debug|Any CPU.ActiveCfg = Debug|Any CPU
		{A2ACF686-B8CD-4C83-8080-83FAF991E013}.Debug|Any CPU.Build.0 = Debug|Any CPU
		{A2ACF686-B8CD-4C83-8080-83FAF991E013}.Debug|x64.ActiveCfg = Debug|Any CPU
		{A2ACF686-B8CD-4C83-8080-83FAF991E013}.Debug|x64.Build.0 = Debug|Any CPU
		{A2ACF686-B8CD-4C83-8080-83FAF991E013}.Debug|x86.ActiveCfg = Debug|Any CPU
		{A2ACF686-B8CD-4C83-8080-83FAF991E013}.Debug|x86.Build.0 = Debug|Any CPU
		{A2ACF686-B8CD-4C83-8080-83FAF991E013}.Release|Any CPU.ActiveCfg = Release|Any CPU
		{A2ACF686-B8CD-4C83-8080-83FAF991E013}.Release|Any CPU.Build.0 = Release|Any CPU
		{A2ACF686-B8CD-4C83-8080-83FAF991E013}.Release|x64.ActiveCfg = Release|Any CPU
		{A2ACF686-B8CD-4C83-8080-83FAF991E013}.Release|x64.Build.0 = Release|Any CPU
		{A2ACF686-B8CD-4C83-8080-83FAF991E013}.Release|x86.ActiveCfg = Release|Any CPU
		{A2ACF686-B8CD-4C83-8080-83FAF991E013}.Release|x86.Build.0 = Release|Any CPU
		{5EDD24CE-A965-4F81-A9BF-1B67C3AEB9F7}.Debug|Any CPU.ActiveCfg = Debug|Any CPU
		{5EDD24CE-A965-4F81-A9BF-1B67C3AEB9F7}.Debug|Any CPU.Build.0 = Debug|Any CPU
		{5EDD24CE-A965-4F81-A9BF-1B67C3AEB9F7}.Debug|x64.ActiveCfg = Debug|Any CPU
		{5EDD24CE-A965-4F81-A9BF-1B67C3AEB9F7}.Debug|x64.Build.0 = Debug|Any CPU
		{5EDD24CE-A965-4F81-A9BF-1B67C3AEB9F7}.Debug|x86.ActiveCfg = Debug|Any CPU
		{5EDD24CE-A965-4F81-A9BF-1B67C3AEB9F7}.Debug|x86.Build.0 = Debug|Any CPU
		{5EDD24CE-A965-4F81-A9BF-1B67C3AEB9F7}.Release|Any CPU.ActiveCfg = Release|Any CPU
		{5EDD24CE-A965-4F81-A9BF-1B67C3AEB9F7}.Release|Any CPU.Build.0 = Release|Any CPU
		{5EDD24CE-A965-4F81-A9BF-1B67C3AEB9F7}.Release|x64.ActiveCfg = Release|Any CPU
		{5EDD24CE-A965-4F81-A9BF-1B67C3AEB9F7}.Release|x64.Build.0 = Release|Any CPU
		{5EDD24CE-A965-4F81-A9BF-1B67C3AEB9F7}.Release|x86.ActiveCfg = Release|Any CPU
		{5EDD24CE-A965-4F81-A9BF-1B67C3AEB9F7}.Release|x86.Build.0 = Release|Any CPU
		{A0603264-EB4B-47AC-A548-97639659854F}.Debug|Any CPU.ActiveCfg = Debug|Any CPU
		{A0603264-EB4B-47AC-A548-97639659854F}.Debug|Any CPU.Build.0 = Debug|Any CPU
		{A0603264-EB4B-47AC-A548-97639659854F}.Debug|x64.ActiveCfg = Debug|Any CPU
		{A0603264-EB4B-47AC-A548-97639659854F}.Debug|x64.Build.0 = Debug|Any CPU
		{A0603264-EB4B-47AC-A548-97639659854F}.Debug|x86.ActiveCfg = Debug|Any CPU
		{A0603264-EB4B-47AC-A548-97639659854F}.Debug|x86.Build.0 = Debug|Any CPU
		{A0603264-EB4B-47AC-A548-97639659854F}.Release|Any CPU.ActiveCfg = Release|Any CPU
		{A0603264-EB4B-47AC-A548-97639659854F}.Release|Any CPU.Build.0 = Release|Any CPU
		{A0603264-EB4B-47AC-A548-97639659854F}.Release|x64.ActiveCfg = Release|Any CPU
		{A0603264-EB4B-47AC-A548-97639659854F}.Release|x64.Build.0 = Release|Any CPU
		{A0603264-EB4B-47AC-A548-97639659854F}.Release|x86.ActiveCfg = Release|Any CPU
		{A0603264-EB4B-47AC-A548-97639659854F}.Release|x86.Build.0 = Release|Any CPU
	EndGlobalSection
	GlobalSection(NestedProjects) = preSolution
		{82F70901-A7E7-42AC-B702-27ACB574CDE8} = {AEF6A88B-4EFD-40FA-B1C2-1A5EC8D0542D}
		{A2ACF686-B8CD-4C83-8080-83FAF991E013} = {AEF6A88B-4EFD-40FA-B1C2-1A5EC8D0542D}
		{5EDD24CE-A965-4F81-A9BF-1B67C3AEB9F7} = {AEF6A88B-4EFD-40FA-B1C2-1A5EC8D0542D}
		{A0603264-EB4B-47AC-A548-97639659854F} = {AEF6A88B-4EFD-40FA-B1C2-1A5EC8D0542D}
	EndGlobalSection
EndGlobal
