
Microsoft Visual Studio Solution File, Format Version 12.00
# Visual Studio Version 16
VisualStudioVersion = 16.0.30309.148
MinimumVisualStudioVersion = 15.0.26124.0
Project("{2150E333-8FDC-42A3-9474-1A3956D46DE8}") = "Core", "Core", "{C323DC44-B0B6-408C-BFB9-9D0D81966223}"
EndProject
Project("{2150E333-8FDC-42A3-9474-1A3956D46DE8}") = "src", "src", "{F2D1726E-4562-4056-AB41-7C8B5BC478A2}"
EndProject
Project("{9A19103F-16F7-4668-BE54-9A1E7A4F7556}") = "Scorpio", "Core\src\Scorpio\Scorpio.csproj", "{58EC92E9-DB34-4F7E-BB79-67CE284F76FA}"
EndProject
Project("{9A19103F-16F7-4668-BE54-9A1E7A4F7556}") = "Scorpio.Aspect", "Core\src\Scorpio.Aspect\Scorpio.Aspect.csproj", "{4079CC7B-EDC3-4C42-9869-0EB7871FEE46}"
EndProject
Project("{9A19103F-16F7-4668-BE54-9A1E7A4F7556}") = "Scorpio.Utilities", "Core\src\Scorpio.Utilities\Scorpio.Utilities.csproj", "{D8B3D76D-C040-4279-921E-1C98DA1AA073}"
EndProject
Project("{2150E333-8FDC-42A3-9474-1A3956D46DE8}") = "Auditing", "Auditing", "{9D36F145-3EB9-4D6C-9930-10362B012FAE}"
EndProject
Project("{2150E333-8FDC-42A3-9474-1A3956D46DE8}") = "src", "src", "{C357110E-3DBC-4980-90AA-7A1CBCE8516E}"
EndProject
Project("{9A19103F-16F7-4668-BE54-9A1E7A4F7556}") = "Scorpio.Auditing", "Auditing\src\Scorpio.Auditing\Scorpio.Auditing.csproj", "{D675BEC2-9F0D-40E1-B792-F54B5AB20F98}"
EndProject
Project("{2150E333-8FDC-42A3-9474-1A3956D46DE8}") = "Authorization", "Authorization", "{CFDF7738-D52D-4D4D-89FC-2E751C72CBC8}"
EndProject
Project("{2150E333-8FDC-42A3-9474-1A3956D46DE8}") = "src", "src", "{1A05F0A6-BB53-403F-99EC-0869AB53C2EC}"
EndProject
Project("{9A19103F-16F7-4668-BE54-9A1E7A4F7556}") = "Scorpio.Authorization", "Authorization\src\Scorpio.Authorization\Scorpio.Authorization.csproj", "{1804C37F-E3A7-4BB0-8D8D-2B3AF14C1951}"
EndProject
Project("{2150E333-8FDC-42A3-9474-1A3956D46DE8}") = "test", "test", "{438F8E68-66BD-46F9-A3DF-55846FB3747D}"
EndProject
Project("{9A19103F-16F7-4668-BE54-9A1E7A4F7556}") = "Scorpio.Aspect.Tests", "Core\test\Scorpio.Aspect.Tests\Scorpio.Aspect.Tests.csproj", "{13A3F3F7-BCFF-42D0-8B39-260A7FAA682E}"
EndProject
Project("{9A19103F-16F7-4668-BE54-9A1E7A4F7556}") = "Scorpio.TestBase", "Core\test\Scorpio.TestBase\Scorpio.TestBase.csproj", "{895512B6-18D2-4471-BC8C-743E5CD7E940}"
EndProject
Project("{9A19103F-16F7-4668-BE54-9A1E7A4F7556}") = "Scorpio.Tests", "Core\test\Scorpio.Tests\Scorpio.Tests.csproj", "{08A82DA5-C622-416E-BB6D-CA619447BB9C}"
EndProject
Project("{9A19103F-16F7-4668-BE54-9A1E7A4F7556}") = "Scorpio.Utilities.Tests", "Core\test\Scorpio.Utilities.Tests\Scorpio.Utilities.Tests.csproj", "{F11BC21F-AB38-4352-B4B8-5E2A9C5009B1}"
EndProject
Project("{2150E333-8FDC-42A3-9474-1A3956D46DE8}") = "test", "test", "{B13BEB28-5D9E-450B-B625-D101C169070B}"
EndProject
Project("{9A19103F-16F7-4668-BE54-9A1E7A4F7556}") = "Scorpio.Auditing.Tests", "Auditing\test\Scorpio.Auditing.Tests\Scorpio.Auditing.Tests.csproj", "{BCEE3522-2A05-4A06-88D9-43897D2DC7C3}"
EndProject
Project("{2150E333-8FDC-42A3-9474-1A3956D46DE8}") = "test", "test", "{A7CC4A0E-50EF-4931-A5F7-32C837564AB2}"
EndProject
Project("{9A19103F-16F7-4668-BE54-9A1E7A4F7556}") = "Scorpio.Authorization.Tests", "Authorization\test\Scorpio.Authorization.Tests\Scorpio.Authorization.Tests.csproj", "{6A493F76-AB32-42CE-8B0A-E0F72662F030}"
EndProject
Project("{2150E333-8FDC-42A3-9474-1A3956D46DE8}") = "Data", "Data", "{272B931A-7171-4D62-9A63-1BE7B489C197}"
EndProject
Project("{2150E333-8FDC-42A3-9474-1A3956D46DE8}") = "src", "src", "{24BAEE83-A173-445E-9BA0-54A85718C4A0}"
EndProject
Project("{9A19103F-16F7-4668-BE54-9A1E7A4F7556}") = "Scorpio.Data", "Data\src\Scorpio.Data\Scorpio.Data.csproj", "{CCC84CFE-B4BE-43FE-9A6D-32E5EDFCF323}"
EndProject
Project("{2150E333-8FDC-42A3-9474-1A3956D46DE8}") = "test", "test", "{12F3CA60-D16E-4FCC-87FF-3920A9568572}"
EndProject
Project("{9A19103F-16F7-4668-BE54-9A1E7A4F7556}") = "Scorpio.Data.Tests", "Data\test\Scorpio.Data.Tests\Scorpio.Data.Tests.csproj", "{B0D46EE6-4FE3-48A5-9C01-2AA0E758BF6E}"
EndProject
Project("{2150E333-8FDC-42A3-9474-1A3956D46DE8}") = "EntityFrameworkCore", "EntityFrameworkCore", "{AB2CEC02-0737-4FCD-8C08-9C0E57642CB1}"
EndProject
Project("{2150E333-8FDC-42A3-9474-1A3956D46DE8}") = "src", "src", "{4F7CA7B4-AB98-466B-88AB-54064737D26B}"
EndProject
Project("{9A19103F-16F7-4668-BE54-9A1E7A4F7556}") = "Scorpio.EntityFrameworkCore", "EntityFrameworkCore\src\Scorpio.EntityFrameworkCore\Scorpio.EntityFrameworkCore.csproj", "{31B34BAD-0163-4117-861D-CEA9BD021D9C}"
EndProject
Project("{9A19103F-16F7-4668-BE54-9A1E7A4F7556}") = "Scorpio.EntityFrameworkCore.SqlServer", "EntityFrameworkCore\src\Scorpio.EntityFrameworkCore.SqlServer\Scorpio.EntityFrameworkCore.SqlServer.csproj", "{E643A4EC-0082-4F10-88A2-456188B2228A}"
EndProject
Project("{2150E333-8FDC-42A3-9474-1A3956D46DE8}") = "test", "test", "{9BA72E50-C7B0-43A8-A7D0-E01AAD8C66CC}"
EndProject
Project("{9A19103F-16F7-4668-BE54-9A1E7A4F7556}") = "Scorpio.EntityFrameworkCore.Tests", "EntityFrameworkCore\test\Scorpio.EntityFrameworkCore.Tests\Scorpio.EntityFrameworkCore.Tests.csproj", "{ACE42B11-6616-40F9-9197-57AF73FFBA62}"
EndProject
Project("{9A19103F-16F7-4668-BE54-9A1E7A4F7556}") = "Scorpio.EntityFrameworkCore.SqlServer.Tests", "EntityFrameworkCore\test\Scorpio.EntityFrameworkCore.SqlServer.Tests\Scorpio.EntityFrameworkCore.SqlServer.Tests.csproj", "{9751BE00-4BED-43DB-8A95-FEDAE60940EE}"
EndProject
Project("{2150E333-8FDC-42A3-9474-1A3956D46DE8}") = "EventBus", "EventBus", "{B1C38B87-BF64-4755-904B-1D3AE13507FE}"
EndProject
Project("{2150E333-8FDC-42A3-9474-1A3956D46DE8}") = "src", "src", "{E056D25C-C4E5-46CB-8353-E7AF71C14EC6}"
EndProject
Project("{9A19103F-16F7-4668-BE54-9A1E7A4F7556}") = "Scorpio.EventBus", "EventBus\src\Scorpio.EventBus\Scorpio.EventBus.csproj", "{A992F6FC-7758-4716-B739-B2A4E655FCAF}"
EndProject
Project("{2150E333-8FDC-42A3-9474-1A3956D46DE8}") = "test", "test", "{14E2162C-C451-4C28-BCF3-5B67A9283F12}"
EndProject
Project("{9A19103F-16F7-4668-BE54-9A1E7A4F7556}") = "Scorpio.EventBus.Tests", "EventBus\test\Scorpio.EventBus.Tests\Scorpio.EventBus.Tests.csproj", "{A52D3BF4-5ABC-4046-A17B-49B53857B1F9}"
EndProject
Project("{2150E333-8FDC-42A3-9474-1A3956D46DE8}") = "Hosting", "Hosting", "{537994F9-C643-4AFB-AF73-CB95DAC5EF6A}"
EndProject
Project("{2150E333-8FDC-42A3-9474-1A3956D46DE8}") = "src", "src", "{44A4120C-E86A-4407-BD55-600A50B9BFE3}"
EndProject
Project("{9A19103F-16F7-4668-BE54-9A1E7A4F7556}") = "Scorpio.Hosting", "Hosting\src\Scorpio.Hosting\Scorpio.Hosting.csproj", "{9B6A1DE4-BA7D-4541-ACAF-83EA55E53DA4}"
EndProject
Project("{2150E333-8FDC-42A3-9474-1A3956D46DE8}") = "test", "test", "{D43B4513-BABA-49DB-A6DD-D72510415D8D}"
EndProject
Project("{9A19103F-16F7-4668-BE54-9A1E7A4F7556}") = "Scorpio.Hosting.Tests", "Hosting\test\Scorpio.Hosting.Tests\Scorpio.Hosting.Tests.csproj", "{3C241DCD-809C-434D-A7A5-615DDB73F0AC}"
EndProject
Project("{2150E333-8FDC-42A3-9474-1A3956D46DE8}") = "Quartz", "Quartz", "{875C8892-6ECC-4003-A2E7-262309BAC0E0}"
EndProject
Project("{2150E333-8FDC-42A3-9474-1A3956D46DE8}") = "src", "src", "{6696D37A-CBAF-4C42-A368-9804CE8995A5}"
EndProject
Project("{9A19103F-16F7-4668-BE54-9A1E7A4F7556}") = "Scorpio.Quartz", "Quartz\src\Scorpio.Quartz\Scorpio.Quartz.csproj", "{8AF61D6E-A5FA-406D-BFCD-E3B9D6787D8C}"
EndProject
Project("{2150E333-8FDC-42A3-9474-1A3956D46DE8}") = "test", "test", "{E5AE3C59-D8CA-4A06-947D-833FACB78E4E}"
EndProject
Project("{9A19103F-16F7-4668-BE54-9A1E7A4F7556}") = "Scorpio.Quartz.Tests", "Quartz\test\Scorpio.Quartz.Tests\Scorpio.Quartz.Tests.csproj", "{FF4D8147-5E96-4A09-8403-13B4183CE057}"
EndProject
Project("{2150E333-8FDC-42A3-9474-1A3956D46DE8}") = "Setting", "Setting", "{D8BCD8A1-3E5B-49EE-81BC-A2EA3B94F29E}"
EndProject
Project("{2150E333-8FDC-42A3-9474-1A3956D46DE8}") = "src", "src", "{AD877615-1960-47BA-A100-4533EE609800}"
EndProject
Project("{9A19103F-16F7-4668-BE54-9A1E7A4F7556}") = "Scorpio.Setting", "Setting\src\Scorpio.Setting\Scorpio.Setting.csproj", "{A4F327DB-AA0A-4CD6-8C0F-24068DA02DFA}"
EndProject
Project("{2150E333-8FDC-42A3-9474-1A3956D46DE8}") = "test", "test", "{BE66DB7D-4E1D-4550-8BFB-34F27C07E7A7}"
EndProject
Project("{9A19103F-16F7-4668-BE54-9A1E7A4F7556}") = "Scorpio.Setting.Tests", "Setting\test\Scorpio.Setting.Tests\Scorpio.Setting.Tests.csproj", "{E4DCD1DD-5395-4FAE-9308-66ABE0AFA1CA}"
EndProject
Project("{2150E333-8FDC-42A3-9474-1A3956D46DE8}") = "aspnetcore", "aspnetcore", "{33785BAF-316A-42BB-A333-A133CB12740D}"
EndProject
Project("{2150E333-8FDC-42A3-9474-1A3956D46DE8}") = "src", "src", "{DB2B8F4B-EBC6-4C31-A890-775DBD9DE04C}"
EndProject
Project("{9A19103F-16F7-4668-BE54-9A1E7A4F7556}") = "Scorpio.AspNetCore", "aspnetcore\src\Scorpio.AspNetCore\Scorpio.AspNetCore.csproj", "{75B5D31C-B2B8-4532-AEA3-552EDFC33618}"
EndProject
Project("{9A19103F-16F7-4668-BE54-9A1E7A4F7556}") = "Scorpio.AspNetCore.Mvc", "aspnetcore\src\Scorpio.AspNetCore.Mvc\Scorpio.AspNetCore.Mvc.csproj", "{422BB948-5671-4971-A239-C4E3EB681C8A}"
EndProject
Project("{9A19103F-16F7-4668-BE54-9A1E7A4F7556}") = "Scorpio.AspNetCore.UI", "aspnetcore\src\Scorpio.AspNetCore.UI\Scorpio.AspNetCore.UI.csproj", "{3B36A161-C56A-4AFB-8F24-BC8D4BF1ED16}"
EndProject
Project("{9A19103F-16F7-4668-BE54-9A1E7A4F7556}") = "Scorpio.AspNetCore.UI.Bootstrap", "aspnetcore\src\Scorpio.AspNetCore.UI.Bootstrap\Scorpio.AspNetCore.UI.Bootstrap.csproj", "{C7DD841D-54D7-47CC-8435-0A9F314BD53A}"
EndProject
Project("{2150E333-8FDC-42A3-9474-1A3956D46DE8}") = "ddd", "ddd", "{BEA90512-B868-4AFF-831E-53F3307E6BB4}"
EndProject
Project("{2150E333-8FDC-42A3-9474-1A3956D46DE8}") = "src", "src", "{59115314-8AD5-4D35-A1A0-A3B7FBAAF68F}"
EndProject
Project("{9A19103F-16F7-4668-BE54-9A1E7A4F7556}") = "Scorpio.Application", "ddd\src\Scorpio.Application\Scorpio.Application.csproj", "{D9E69082-BC85-4A98-8CB7-CAC571FC669A}"
EndProject
Project("{9A19103F-16F7-4668-BE54-9A1E7A4F7556}") = "Scorpio.Domain", "ddd\src\Scorpio.Domain\Scorpio.Domain.csproj", "{92E7CEE3-143F-43BC-B343-5AB9095C1414}"
EndProject
Project("{2150E333-8FDC-42A3-9474-1A3956D46DE8}") = "uow", "uow", "{46893A08-1D40-4063-AC22-D7D9FF80E914}"
EndProject
Project("{2150E333-8FDC-42A3-9474-1A3956D46DE8}") = "src", "src", "{A592C296-D372-4AE9-A429-C80337EC937F}"
EndProject
Project("{9A19103F-16F7-4668-BE54-9A1E7A4F7556}") = "Scorpio.Uow", "uow\src\Scorpio.Uow\Scorpio.Uow.csproj", "{4B5024C2-D475-4B97-BF15-5C89AEA19C23}"
EndProject
Project("{9A19103F-16F7-4668-BE54-9A1E7A4F7556}") = "Scorpio.Uow.EntityFrameworkCore", "uow\src\Scorpio.Uow.EntityFrameworkCore\Scorpio.Uow.EntityFrameworkCore.csproj", "{36618BBB-6AF3-493F-83DE-841ECE96DF45}"
EndProject
Project("{2150E333-8FDC-42A3-9474-1A3956D46DE8}") = "rpc", "rpc", "{EB3F0A53-A92B-4A7E-A58E-1575685D56D2}"
EndProject
Project("{2150E333-8FDC-42A3-9474-1A3956D46DE8}") = "src", "src", "{09EDCBD5-11BD-4149-8B5A-9E8723F57D8E}"
EndProject
Project("{9A19103F-16F7-4668-BE54-9A1E7A4F7556}") = "Scorpio.RPC", "rpc\src\Scorpio.RPC\Scorpio.RPC.csproj", "{0C5825DB-4709-4238-91A3-C5022967A73D}"
EndProject
Project("{2150E333-8FDC-42A3-9474-1A3956D46DE8}") = "Solution Items", "Solution Items", "{153039F8-72D8-49F0-90CA-0F7880A09313}"
	ProjectSection(SolutionItems) = preProject
		.editorconfig = .editorconfig
		.gitattributes = .gitattributes
		.gitignore = .gitignore
		appveyor.yml = appveyor.yml
		build.cake = build.cake
		build.cmd = build.cmd
		build.config = build.config
		build.ps1 = build.ps1
		build.sh = build.sh
		LICENSE = LICENSE
		nuget.config = nuget.config
		README.md = README.md
	EndProjectSection
EndProject
Project("{2150E333-8FDC-42A3-9474-1A3956D46DE8}") = "build", "build", "{D98E38DF-4824-4ABC-9FF1-824A7C341BB4}"
	ProjectSection(SolutionItems) = preProject
		build\build.cake = build\build.cake
		build\buildcontext.cake = build\buildcontext.cake
		build\common.props = build\common.props
		build\index.cake = build\index.cake
		build\util.cake = build\util.cake
		build\version.cake = build\version.cake
		build\versions.props = build\versions.props
	EndProjectSection
EndProject
Project("{2150E333-8FDC-42A3-9474-1A3956D46DE8}") = "test", "test", "{3E955A4E-DA9E-4FF3-B0B3-81829D43FBF3}"
EndProject
Project("{FAE04EC0-301F-11D3-BF4B-00C04F79EFBC}") = "Scorpio.Application.Tests", "ddd\test\Scorpio.Application.Tests\Scorpio.Application.Tests.csproj", "{7258E10B-4A9E-4FFA-B2C3-C683A7707925}"
EndProject
Project("{FAE04EC0-301F-11D3-BF4B-00C04F79EFBC}") = "Scorpio.Domain.Tests", "ddd\test\Scorpio.Domain.Tests\Scorpio.Domain.Tests.csproj", "{50ACFC45-4D38-4641-BBA8-C2945A60C8D2}"
EndProject
Project("{2150E333-8FDC-42A3-9474-1A3956D46DE8}") = "test", "test", "{D5DF0C3C-154E-41A1-83F3-70DFAC9631A4}"
EndProject
Project("{FAE04EC0-301F-11D3-BF4B-00C04F79EFBC}") = "Scorpio.Uow.EntityFrameworkCore.Tests", "uow\test\Scorpio.Uow.EntityFrameworkCore.Tests\Scorpio.Uow.EntityFrameworkCore.Tests.csproj", "{8ECF4412-215E-483A-BBD6-220FD132260B}"
EndProject
Project("{FAE04EC0-301F-11D3-BF4B-00C04F79EFBC}") = "Scorpio.Uow.Tests", "uow\test\Scorpio.Uow.Tests\Scorpio.Uow.Tests.csproj", "{72A14F95-FE89-4CF9-8D9F-63697FF48C26}"
EndProject
Project("{2150E333-8FDC-42A3-9474-1A3956D46DE8}") = "test", "test", "{44E643CE-25E4-46EE-BEA0-A07C10A96CFD}"
EndProject
Project("{9A19103F-16F7-4668-BE54-9A1E7A4F7556}") = "Scorpio.AspNetCore.Mvc.Tests", "aspnetcore\test\Scorpio.AspNetCore.Mvc.Tests\Scorpio.AspNetCore.Mvc.Tests.csproj", "{53236FD2-5C4D-4A84-AE73-D7F3607F8B02}"
EndProject
Project("{9A19103F-16F7-4668-BE54-9A1E7A4F7556}") = "Scorpio.AspNetCore.Tests", "aspnetcore\test\Scorpio.AspNetCore.Tests\Scorpio.AspNetCore.Tests.csproj", "{1320083A-85BB-4EC7-802C-814B379CC92A}"
EndProject
Project("{9A19103F-16F7-4668-BE54-9A1E7A4F7556}") = "Scorpio.AspNetCore.UI.Bootstrap.Tests", "aspnetcore\test\Scorpio.AspNetCore.UI.Bootstrap.Tests\Scorpio.AspNetCore.UI.Bootstrap.Tests.csproj", "{3D22F6FE-B938-4E40-9A4B-FB6B579C4B46}"
EndProject
Project("{9A19103F-16F7-4668-BE54-9A1E7A4F7556}") = "Scorpio.AspNetCore.UI.Tests", "aspnetcore\test\Scorpio.AspNetCore.UI.Tests\Scorpio.AspNetCore.UI.Tests.csproj", "{38610D43-08D3-473A-8D3E-1E82370EDA78}"
EndProject
Project("{9A19103F-16F7-4668-BE54-9A1E7A4F7556}") = "Scorpio.AspNetCore.TestBase", "aspnetcore\test\Scorpio.AspNetCore.TestBase\Scorpio.AspNetCore.TestBase.csproj", "{3E54D9CE-496D-4A58-9B3E-CE2E0A8E9761}"
EndProject
Global
	GlobalSection(SolutionConfigurationPlatforms) = preSolution
		Debug|Any CPU = Debug|Any CPU
		Debug|x64 = Debug|x64
		Debug|x86 = Debug|x86
		Release|Any CPU = Release|Any CPU
		Release|x64 = Release|x64
		Release|x86 = Release|x86
	EndGlobalSection
	GlobalSection(ProjectConfigurationPlatforms) = postSolution
		{58EC92E9-DB34-4F7E-BB79-67CE284F76FA}.Debug|Any CPU.ActiveCfg = Debug|Any CPU
		{58EC92E9-DB34-4F7E-BB79-67CE284F76FA}.Debug|Any CPU.Build.0 = Debug|Any CPU
		{58EC92E9-DB34-4F7E-BB79-67CE284F76FA}.Debug|x64.ActiveCfg = Debug|Any CPU
		{58EC92E9-DB34-4F7E-BB79-67CE284F76FA}.Debug|x64.Build.0 = Debug|Any CPU
		{58EC92E9-DB34-4F7E-BB79-67CE284F76FA}.Debug|x86.ActiveCfg = Debug|Any CPU
		{58EC92E9-DB34-4F7E-BB79-67CE284F76FA}.Debug|x86.Build.0 = Debug|Any CPU
		{58EC92E9-DB34-4F7E-BB79-67CE284F76FA}.Release|Any CPU.ActiveCfg = Release|Any CPU
		{58EC92E9-DB34-4F7E-BB79-67CE284F76FA}.Release|Any CPU.Build.0 = Release|Any CPU
		{58EC92E9-DB34-4F7E-BB79-67CE284F76FA}.Release|x64.ActiveCfg = Release|Any CPU
		{58EC92E9-DB34-4F7E-BB79-67CE284F76FA}.Release|x64.Build.0 = Release|Any CPU
		{58EC92E9-DB34-4F7E-BB79-67CE284F76FA}.Release|x86.ActiveCfg = Release|Any CPU
		{58EC92E9-DB34-4F7E-BB79-67CE284F76FA}.Release|x86.Build.0 = Release|Any CPU
		{4079CC7B-EDC3-4C42-9869-0EB7871FEE46}.Debug|Any CPU.ActiveCfg = Debug|Any CPU
		{4079CC7B-EDC3-4C42-9869-0EB7871FEE46}.Debug|Any CPU.Build.0 = Debug|Any CPU
		{4079CC7B-EDC3-4C42-9869-0EB7871FEE46}.Debug|x64.ActiveCfg = Debug|Any CPU
		{4079CC7B-EDC3-4C42-9869-0EB7871FEE46}.Debug|x64.Build.0 = Debug|Any CPU
		{4079CC7B-EDC3-4C42-9869-0EB7871FEE46}.Debug|x86.ActiveCfg = Debug|Any CPU
		{4079CC7B-EDC3-4C42-9869-0EB7871FEE46}.Debug|x86.Build.0 = Debug|Any CPU
		{4079CC7B-EDC3-4C42-9869-0EB7871FEE46}.Release|Any CPU.ActiveCfg = Release|Any CPU
		{4079CC7B-EDC3-4C42-9869-0EB7871FEE46}.Release|Any CPU.Build.0 = Release|Any CPU
		{4079CC7B-EDC3-4C42-9869-0EB7871FEE46}.Release|x64.ActiveCfg = Release|Any CPU
		{4079CC7B-EDC3-4C42-9869-0EB7871FEE46}.Release|x64.Build.0 = Release|Any CPU
		{4079CC7B-EDC3-4C42-9869-0EB7871FEE46}.Release|x86.ActiveCfg = Release|Any CPU
		{4079CC7B-EDC3-4C42-9869-0EB7871FEE46}.Release|x86.Build.0 = Release|Any CPU
		{D8B3D76D-C040-4279-921E-1C98DA1AA073}.Debug|Any CPU.ActiveCfg = Debug|Any CPU
		{D8B3D76D-C040-4279-921E-1C98DA1AA073}.Debug|Any CPU.Build.0 = Debug|Any CPU
		{D8B3D76D-C040-4279-921E-1C98DA1AA073}.Debug|x64.ActiveCfg = Debug|Any CPU
		{D8B3D76D-C040-4279-921E-1C98DA1AA073}.Debug|x64.Build.0 = Debug|Any CPU
		{D8B3D76D-C040-4279-921E-1C98DA1AA073}.Debug|x86.ActiveCfg = Debug|Any CPU
		{D8B3D76D-C040-4279-921E-1C98DA1AA073}.Debug|x86.Build.0 = Debug|Any CPU
		{D8B3D76D-C040-4279-921E-1C98DA1AA073}.Release|Any CPU.ActiveCfg = Release|Any CPU
		{D8B3D76D-C040-4279-921E-1C98DA1AA073}.Release|Any CPU.Build.0 = Release|Any CPU
		{D8B3D76D-C040-4279-921E-1C98DA1AA073}.Release|x64.ActiveCfg = Release|Any CPU
		{D8B3D76D-C040-4279-921E-1C98DA1AA073}.Release|x64.Build.0 = Release|Any CPU
		{D8B3D76D-C040-4279-921E-1C98DA1AA073}.Release|x86.ActiveCfg = Release|Any CPU
		{D8B3D76D-C040-4279-921E-1C98DA1AA073}.Release|x86.Build.0 = Release|Any CPU
		{D675BEC2-9F0D-40E1-B792-F54B5AB20F98}.Debug|Any CPU.ActiveCfg = Debug|Any CPU
		{D675BEC2-9F0D-40E1-B792-F54B5AB20F98}.Debug|Any CPU.Build.0 = Debug|Any CPU
		{D675BEC2-9F0D-40E1-B792-F54B5AB20F98}.Debug|x64.ActiveCfg = Debug|Any CPU
		{D675BEC2-9F0D-40E1-B792-F54B5AB20F98}.Debug|x64.Build.0 = Debug|Any CPU
		{D675BEC2-9F0D-40E1-B792-F54B5AB20F98}.Debug|x86.ActiveCfg = Debug|Any CPU
		{D675BEC2-9F0D-40E1-B792-F54B5AB20F98}.Debug|x86.Build.0 = Debug|Any CPU
		{D675BEC2-9F0D-40E1-B792-F54B5AB20F98}.Release|Any CPU.ActiveCfg = Release|Any CPU
		{D675BEC2-9F0D-40E1-B792-F54B5AB20F98}.Release|Any CPU.Build.0 = Release|Any CPU
		{D675BEC2-9F0D-40E1-B792-F54B5AB20F98}.Release|x64.ActiveCfg = Release|Any CPU
		{D675BEC2-9F0D-40E1-B792-F54B5AB20F98}.Release|x64.Build.0 = Release|Any CPU
		{D675BEC2-9F0D-40E1-B792-F54B5AB20F98}.Release|x86.ActiveCfg = Release|Any CPU
		{D675BEC2-9F0D-40E1-B792-F54B5AB20F98}.Release|x86.Build.0 = Release|Any CPU
		{1804C37F-E3A7-4BB0-8D8D-2B3AF14C1951}.Debug|Any CPU.ActiveCfg = Debug|Any CPU
		{1804C37F-E3A7-4BB0-8D8D-2B3AF14C1951}.Debug|Any CPU.Build.0 = Debug|Any CPU
		{1804C37F-E3A7-4BB0-8D8D-2B3AF14C1951}.Debug|x64.ActiveCfg = Debug|Any CPU
		{1804C37F-E3A7-4BB0-8D8D-2B3AF14C1951}.Debug|x64.Build.0 = Debug|Any CPU
		{1804C37F-E3A7-4BB0-8D8D-2B3AF14C1951}.Debug|x86.ActiveCfg = Debug|Any CPU
		{1804C37F-E3A7-4BB0-8D8D-2B3AF14C1951}.Debug|x86.Build.0 = Debug|Any CPU
		{1804C37F-E3A7-4BB0-8D8D-2B3AF14C1951}.Release|Any CPU.ActiveCfg = Release|Any CPU
		{1804C37F-E3A7-4BB0-8D8D-2B3AF14C1951}.Release|Any CPU.Build.0 = Release|Any CPU
		{1804C37F-E3A7-4BB0-8D8D-2B3AF14C1951}.Release|x64.ActiveCfg = Release|Any CPU
		{1804C37F-E3A7-4BB0-8D8D-2B3AF14C1951}.Release|x64.Build.0 = Release|Any CPU
		{1804C37F-E3A7-4BB0-8D8D-2B3AF14C1951}.Release|x86.ActiveCfg = Release|Any CPU
		{1804C37F-E3A7-4BB0-8D8D-2B3AF14C1951}.Release|x86.Build.0 = Release|Any CPU
		{13A3F3F7-BCFF-42D0-8B39-260A7FAA682E}.Debug|Any CPU.ActiveCfg = Debug|Any CPU
		{13A3F3F7-BCFF-42D0-8B39-260A7FAA682E}.Debug|Any CPU.Build.0 = Debug|Any CPU
		{13A3F3F7-BCFF-42D0-8B39-260A7FAA682E}.Debug|x64.ActiveCfg = Debug|Any CPU
		{13A3F3F7-BCFF-42D0-8B39-260A7FAA682E}.Debug|x64.Build.0 = Debug|Any CPU
		{13A3F3F7-BCFF-42D0-8B39-260A7FAA682E}.Debug|x86.ActiveCfg = Debug|Any CPU
		{13A3F3F7-BCFF-42D0-8B39-260A7FAA682E}.Debug|x86.Build.0 = Debug|Any CPU
		{13A3F3F7-BCFF-42D0-8B39-260A7FAA682E}.Release|Any CPU.ActiveCfg = Release|Any CPU
		{13A3F3F7-BCFF-42D0-8B39-260A7FAA682E}.Release|Any CPU.Build.0 = Release|Any CPU
		{13A3F3F7-BCFF-42D0-8B39-260A7FAA682E}.Release|x64.ActiveCfg = Release|Any CPU
		{13A3F3F7-BCFF-42D0-8B39-260A7FAA682E}.Release|x64.Build.0 = Release|Any CPU
		{13A3F3F7-BCFF-42D0-8B39-260A7FAA682E}.Release|x86.ActiveCfg = Release|Any CPU
		{13A3F3F7-BCFF-42D0-8B39-260A7FAA682E}.Release|x86.Build.0 = Release|Any CPU
		{895512B6-18D2-4471-BC8C-743E5CD7E940}.Debug|Any CPU.ActiveCfg = Debug|Any CPU
		{895512B6-18D2-4471-BC8C-743E5CD7E940}.Debug|Any CPU.Build.0 = Debug|Any CPU
		{895512B6-18D2-4471-BC8C-743E5CD7E940}.Debug|x64.ActiveCfg = Debug|Any CPU
		{895512B6-18D2-4471-BC8C-743E5CD7E940}.Debug|x64.Build.0 = Debug|Any CPU
		{895512B6-18D2-4471-BC8C-743E5CD7E940}.Debug|x86.ActiveCfg = Debug|Any CPU
		{895512B6-18D2-4471-BC8C-743E5CD7E940}.Debug|x86.Build.0 = Debug|Any CPU
		{895512B6-18D2-4471-BC8C-743E5CD7E940}.Release|Any CPU.ActiveCfg = Release|Any CPU
		{895512B6-18D2-4471-BC8C-743E5CD7E940}.Release|Any CPU.Build.0 = Release|Any CPU
		{895512B6-18D2-4471-BC8C-743E5CD7E940}.Release|x64.ActiveCfg = Release|Any CPU
		{895512B6-18D2-4471-BC8C-743E5CD7E940}.Release|x64.Build.0 = Release|Any CPU
		{895512B6-18D2-4471-BC8C-743E5CD7E940}.Release|x86.ActiveCfg = Release|Any CPU
		{895512B6-18D2-4471-BC8C-743E5CD7E940}.Release|x86.Build.0 = Release|Any CPU
		{08A82DA5-C622-416E-BB6D-CA619447BB9C}.Debug|Any CPU.ActiveCfg = Debug|Any CPU
		{08A82DA5-C622-416E-BB6D-CA619447BB9C}.Debug|Any CPU.Build.0 = Debug|Any CPU
		{08A82DA5-C622-416E-BB6D-CA619447BB9C}.Debug|x64.ActiveCfg = Debug|Any CPU
		{08A82DA5-C622-416E-BB6D-CA619447BB9C}.Debug|x64.Build.0 = Debug|Any CPU
		{08A82DA5-C622-416E-BB6D-CA619447BB9C}.Debug|x86.ActiveCfg = Debug|Any CPU
		{08A82DA5-C622-416E-BB6D-CA619447BB9C}.Debug|x86.Build.0 = Debug|Any CPU
		{08A82DA5-C622-416E-BB6D-CA619447BB9C}.Release|Any CPU.ActiveCfg = Release|Any CPU
		{08A82DA5-C622-416E-BB6D-CA619447BB9C}.Release|Any CPU.Build.0 = Release|Any CPU
		{08A82DA5-C622-416E-BB6D-CA619447BB9C}.Release|x64.ActiveCfg = Release|Any CPU
		{08A82DA5-C622-416E-BB6D-CA619447BB9C}.Release|x64.Build.0 = Release|Any CPU
		{08A82DA5-C622-416E-BB6D-CA619447BB9C}.Release|x86.ActiveCfg = Release|Any CPU
		{08A82DA5-C622-416E-BB6D-CA619447BB9C}.Release|x86.Build.0 = Release|Any CPU
		{F11BC21F-AB38-4352-B4B8-5E2A9C5009B1}.Debug|Any CPU.ActiveCfg = Debug|Any CPU
		{F11BC21F-AB38-4352-B4B8-5E2A9C5009B1}.Debug|Any CPU.Build.0 = Debug|Any CPU
		{F11BC21F-AB38-4352-B4B8-5E2A9C5009B1}.Debug|x64.ActiveCfg = Debug|Any CPU
		{F11BC21F-AB38-4352-B4B8-5E2A9C5009B1}.Debug|x64.Build.0 = Debug|Any CPU
		{F11BC21F-AB38-4352-B4B8-5E2A9C5009B1}.Debug|x86.ActiveCfg = Debug|Any CPU
		{F11BC21F-AB38-4352-B4B8-5E2A9C5009B1}.Debug|x86.Build.0 = Debug|Any CPU
		{F11BC21F-AB38-4352-B4B8-5E2A9C5009B1}.Release|Any CPU.ActiveCfg = Release|Any CPU
		{F11BC21F-AB38-4352-B4B8-5E2A9C5009B1}.Release|Any CPU.Build.0 = Release|Any CPU
		{F11BC21F-AB38-4352-B4B8-5E2A9C5009B1}.Release|x64.ActiveCfg = Release|Any CPU
		{F11BC21F-AB38-4352-B4B8-5E2A9C5009B1}.Release|x64.Build.0 = Release|Any CPU
		{F11BC21F-AB38-4352-B4B8-5E2A9C5009B1}.Release|x86.ActiveCfg = Release|Any CPU
		{F11BC21F-AB38-4352-B4B8-5E2A9C5009B1}.Release|x86.Build.0 = Release|Any CPU
		{BCEE3522-2A05-4A06-88D9-43897D2DC7C3}.Debug|Any CPU.ActiveCfg = Debug|Any CPU
		{BCEE3522-2A05-4A06-88D9-43897D2DC7C3}.Debug|Any CPU.Build.0 = Debug|Any CPU
		{BCEE3522-2A05-4A06-88D9-43897D2DC7C3}.Debug|x64.ActiveCfg = Debug|Any CPU
		{BCEE3522-2A05-4A06-88D9-43897D2DC7C3}.Debug|x64.Build.0 = Debug|Any CPU
		{BCEE3522-2A05-4A06-88D9-43897D2DC7C3}.Debug|x86.ActiveCfg = Debug|Any CPU
		{BCEE3522-2A05-4A06-88D9-43897D2DC7C3}.Debug|x86.Build.0 = Debug|Any CPU
		{BCEE3522-2A05-4A06-88D9-43897D2DC7C3}.Release|Any CPU.ActiveCfg = Release|Any CPU
		{BCEE3522-2A05-4A06-88D9-43897D2DC7C3}.Release|Any CPU.Build.0 = Release|Any CPU
		{BCEE3522-2A05-4A06-88D9-43897D2DC7C3}.Release|x64.ActiveCfg = Release|Any CPU
		{BCEE3522-2A05-4A06-88D9-43897D2DC7C3}.Release|x64.Build.0 = Release|Any CPU
		{BCEE3522-2A05-4A06-88D9-43897D2DC7C3}.Release|x86.ActiveCfg = Release|Any CPU
		{BCEE3522-2A05-4A06-88D9-43897D2DC7C3}.Release|x86.Build.0 = Release|Any CPU
		{6A493F76-AB32-42CE-8B0A-E0F72662F030}.Debug|Any CPU.ActiveCfg = Debug|Any CPU
		{6A493F76-AB32-42CE-8B0A-E0F72662F030}.Debug|Any CPU.Build.0 = Debug|Any CPU
		{6A493F76-AB32-42CE-8B0A-E0F72662F030}.Debug|x64.ActiveCfg = Debug|Any CPU
		{6A493F76-AB32-42CE-8B0A-E0F72662F030}.Debug|x64.Build.0 = Debug|Any CPU
		{6A493F76-AB32-42CE-8B0A-E0F72662F030}.Debug|x86.ActiveCfg = Debug|Any CPU
		{6A493F76-AB32-42CE-8B0A-E0F72662F030}.Debug|x86.Build.0 = Debug|Any CPU
		{6A493F76-AB32-42CE-8B0A-E0F72662F030}.Release|Any CPU.ActiveCfg = Release|Any CPU
		{6A493F76-AB32-42CE-8B0A-E0F72662F030}.Release|Any CPU.Build.0 = Release|Any CPU
		{6A493F76-AB32-42CE-8B0A-E0F72662F030}.Release|x64.ActiveCfg = Release|Any CPU
		{6A493F76-AB32-42CE-8B0A-E0F72662F030}.Release|x64.Build.0 = Release|Any CPU
		{6A493F76-AB32-42CE-8B0A-E0F72662F030}.Release|x86.ActiveCfg = Release|Any CPU
		{6A493F76-AB32-42CE-8B0A-E0F72662F030}.Release|x86.Build.0 = Release|Any CPU
		{CCC84CFE-B4BE-43FE-9A6D-32E5EDFCF323}.Debug|Any CPU.ActiveCfg = Debug|Any CPU
		{CCC84CFE-B4BE-43FE-9A6D-32E5EDFCF323}.Debug|Any CPU.Build.0 = Debug|Any CPU
		{CCC84CFE-B4BE-43FE-9A6D-32E5EDFCF323}.Debug|x64.ActiveCfg = Debug|Any CPU
		{CCC84CFE-B4BE-43FE-9A6D-32E5EDFCF323}.Debug|x64.Build.0 = Debug|Any CPU
		{CCC84CFE-B4BE-43FE-9A6D-32E5EDFCF323}.Debug|x86.ActiveCfg = Debug|Any CPU
		{CCC84CFE-B4BE-43FE-9A6D-32E5EDFCF323}.Debug|x86.Build.0 = Debug|Any CPU
		{CCC84CFE-B4BE-43FE-9A6D-32E5EDFCF323}.Release|Any CPU.ActiveCfg = Release|Any CPU
		{CCC84CFE-B4BE-43FE-9A6D-32E5EDFCF323}.Release|Any CPU.Build.0 = Release|Any CPU
		{CCC84CFE-B4BE-43FE-9A6D-32E5EDFCF323}.Release|x64.ActiveCfg = Release|Any CPU
		{CCC84CFE-B4BE-43FE-9A6D-32E5EDFCF323}.Release|x64.Build.0 = Release|Any CPU
		{CCC84CFE-B4BE-43FE-9A6D-32E5EDFCF323}.Release|x86.ActiveCfg = Release|Any CPU
		{CCC84CFE-B4BE-43FE-9A6D-32E5EDFCF323}.Release|x86.Build.0 = Release|Any CPU
		{B0D46EE6-4FE3-48A5-9C01-2AA0E758BF6E}.Debug|Any CPU.ActiveCfg = Debug|Any CPU
		{B0D46EE6-4FE3-48A5-9C01-2AA0E758BF6E}.Debug|Any CPU.Build.0 = Debug|Any CPU
		{B0D46EE6-4FE3-48A5-9C01-2AA0E758BF6E}.Debug|x64.ActiveCfg = Debug|Any CPU
		{B0D46EE6-4FE3-48A5-9C01-2AA0E758BF6E}.Debug|x64.Build.0 = Debug|Any CPU
		{B0D46EE6-4FE3-48A5-9C01-2AA0E758BF6E}.Debug|x86.ActiveCfg = Debug|Any CPU
		{B0D46EE6-4FE3-48A5-9C01-2AA0E758BF6E}.Debug|x86.Build.0 = Debug|Any CPU
		{B0D46EE6-4FE3-48A5-9C01-2AA0E758BF6E}.Release|Any CPU.ActiveCfg = Release|Any CPU
		{B0D46EE6-4FE3-48A5-9C01-2AA0E758BF6E}.Release|Any CPU.Build.0 = Release|Any CPU
		{B0D46EE6-4FE3-48A5-9C01-2AA0E758BF6E}.Release|x64.ActiveCfg = Release|Any CPU
		{B0D46EE6-4FE3-48A5-9C01-2AA0E758BF6E}.Release|x64.Build.0 = Release|Any CPU
		{B0D46EE6-4FE3-48A5-9C01-2AA0E758BF6E}.Release|x86.ActiveCfg = Release|Any CPU
		{B0D46EE6-4FE3-48A5-9C01-2AA0E758BF6E}.Release|x86.Build.0 = Release|Any CPU
		{31B34BAD-0163-4117-861D-CEA9BD021D9C}.Debug|Any CPU.ActiveCfg = Debug|Any CPU
		{31B34BAD-0163-4117-861D-CEA9BD021D9C}.Debug|Any CPU.Build.0 = Debug|Any CPU
		{31B34BAD-0163-4117-861D-CEA9BD021D9C}.Debug|x64.ActiveCfg = Debug|Any CPU
		{31B34BAD-0163-4117-861D-CEA9BD021D9C}.Debug|x64.Build.0 = Debug|Any CPU
		{31B34BAD-0163-4117-861D-CEA9BD021D9C}.Debug|x86.ActiveCfg = Debug|Any CPU
		{31B34BAD-0163-4117-861D-CEA9BD021D9C}.Debug|x86.Build.0 = Debug|Any CPU
		{31B34BAD-0163-4117-861D-CEA9BD021D9C}.Release|Any CPU.ActiveCfg = Release|Any CPU
		{31B34BAD-0163-4117-861D-CEA9BD021D9C}.Release|Any CPU.Build.0 = Release|Any CPU
		{31B34BAD-0163-4117-861D-CEA9BD021D9C}.Release|x64.ActiveCfg = Release|Any CPU
		{31B34BAD-0163-4117-861D-CEA9BD021D9C}.Release|x64.Build.0 = Release|Any CPU
		{31B34BAD-0163-4117-861D-CEA9BD021D9C}.Release|x86.ActiveCfg = Release|Any CPU
		{31B34BAD-0163-4117-861D-CEA9BD021D9C}.Release|x86.Build.0 = Release|Any CPU
		{E643A4EC-0082-4F10-88A2-456188B2228A}.Debug|Any CPU.ActiveCfg = Debug|Any CPU
		{E643A4EC-0082-4F10-88A2-456188B2228A}.Debug|Any CPU.Build.0 = Debug|Any CPU
		{E643A4EC-0082-4F10-88A2-456188B2228A}.Debug|x64.ActiveCfg = Debug|Any CPU
		{E643A4EC-0082-4F10-88A2-456188B2228A}.Debug|x64.Build.0 = Debug|Any CPU
		{E643A4EC-0082-4F10-88A2-456188B2228A}.Debug|x86.ActiveCfg = Debug|Any CPU
		{E643A4EC-0082-4F10-88A2-456188B2228A}.Debug|x86.Build.0 = Debug|Any CPU
		{E643A4EC-0082-4F10-88A2-456188B2228A}.Release|Any CPU.ActiveCfg = Release|Any CPU
		{E643A4EC-0082-4F10-88A2-456188B2228A}.Release|Any CPU.Build.0 = Release|Any CPU
		{E643A4EC-0082-4F10-88A2-456188B2228A}.Release|x64.ActiveCfg = Release|Any CPU
		{E643A4EC-0082-4F10-88A2-456188B2228A}.Release|x64.Build.0 = Release|Any CPU
		{E643A4EC-0082-4F10-88A2-456188B2228A}.Release|x86.ActiveCfg = Release|Any CPU
		{E643A4EC-0082-4F10-88A2-456188B2228A}.Release|x86.Build.0 = Release|Any CPU
		{ACE42B11-6616-40F9-9197-57AF73FFBA62}.Debug|Any CPU.ActiveCfg = Debug|Any CPU
		{ACE42B11-6616-40F9-9197-57AF73FFBA62}.Debug|Any CPU.Build.0 = Debug|Any CPU
		{ACE42B11-6616-40F9-9197-57AF73FFBA62}.Debug|x64.ActiveCfg = Debug|Any CPU
		{ACE42B11-6616-40F9-9197-57AF73FFBA62}.Debug|x64.Build.0 = Debug|Any CPU
		{ACE42B11-6616-40F9-9197-57AF73FFBA62}.Debug|x86.ActiveCfg = Debug|Any CPU
		{ACE42B11-6616-40F9-9197-57AF73FFBA62}.Debug|x86.Build.0 = Debug|Any CPU
		{ACE42B11-6616-40F9-9197-57AF73FFBA62}.Release|Any CPU.ActiveCfg = Release|Any CPU
		{ACE42B11-6616-40F9-9197-57AF73FFBA62}.Release|Any CPU.Build.0 = Release|Any CPU
		{ACE42B11-6616-40F9-9197-57AF73FFBA62}.Release|x64.ActiveCfg = Release|Any CPU
		{ACE42B11-6616-40F9-9197-57AF73FFBA62}.Release|x64.Build.0 = Release|Any CPU
		{ACE42B11-6616-40F9-9197-57AF73FFBA62}.Release|x86.ActiveCfg = Release|Any CPU
		{ACE42B11-6616-40F9-9197-57AF73FFBA62}.Release|x86.Build.0 = Release|Any CPU
		{9751BE00-4BED-43DB-8A95-FEDAE60940EE}.Debug|Any CPU.ActiveCfg = Debug|Any CPU
		{9751BE00-4BED-43DB-8A95-FEDAE60940EE}.Debug|Any CPU.Build.0 = Debug|Any CPU
		{9751BE00-4BED-43DB-8A95-FEDAE60940EE}.Debug|x64.ActiveCfg = Debug|Any CPU
		{9751BE00-4BED-43DB-8A95-FEDAE60940EE}.Debug|x64.Build.0 = Debug|Any CPU
		{9751BE00-4BED-43DB-8A95-FEDAE60940EE}.Debug|x86.ActiveCfg = Debug|Any CPU
		{9751BE00-4BED-43DB-8A95-FEDAE60940EE}.Debug|x86.Build.0 = Debug|Any CPU
		{9751BE00-4BED-43DB-8A95-FEDAE60940EE}.Release|Any CPU.ActiveCfg = Release|Any CPU
		{9751BE00-4BED-43DB-8A95-FEDAE60940EE}.Release|Any CPU.Build.0 = Release|Any CPU
		{9751BE00-4BED-43DB-8A95-FEDAE60940EE}.Release|x64.ActiveCfg = Release|Any CPU
		{9751BE00-4BED-43DB-8A95-FEDAE60940EE}.Release|x64.Build.0 = Release|Any CPU
		{9751BE00-4BED-43DB-8A95-FEDAE60940EE}.Release|x86.ActiveCfg = Release|Any CPU
		{9751BE00-4BED-43DB-8A95-FEDAE60940EE}.Release|x86.Build.0 = Release|Any CPU
		{A992F6FC-7758-4716-B739-B2A4E655FCAF}.Debug|Any CPU.ActiveCfg = Debug|Any CPU
		{A992F6FC-7758-4716-B739-B2A4E655FCAF}.Debug|Any CPU.Build.0 = Debug|Any CPU
		{A992F6FC-7758-4716-B739-B2A4E655FCAF}.Debug|x64.ActiveCfg = Debug|Any CPU
		{A992F6FC-7758-4716-B739-B2A4E655FCAF}.Debug|x64.Build.0 = Debug|Any CPU
		{A992F6FC-7758-4716-B739-B2A4E655FCAF}.Debug|x86.ActiveCfg = Debug|Any CPU
		{A992F6FC-7758-4716-B739-B2A4E655FCAF}.Debug|x86.Build.0 = Debug|Any CPU
		{A992F6FC-7758-4716-B739-B2A4E655FCAF}.Release|Any CPU.ActiveCfg = Release|Any CPU
		{A992F6FC-7758-4716-B739-B2A4E655FCAF}.Release|Any CPU.Build.0 = Release|Any CPU
		{A992F6FC-7758-4716-B739-B2A4E655FCAF}.Release|x64.ActiveCfg = Release|Any CPU
		{A992F6FC-7758-4716-B739-B2A4E655FCAF}.Release|x64.Build.0 = Release|Any CPU
		{A992F6FC-7758-4716-B739-B2A4E655FCAF}.Release|x86.ActiveCfg = Release|Any CPU
		{A992F6FC-7758-4716-B739-B2A4E655FCAF}.Release|x86.Build.0 = Release|Any CPU
		{A52D3BF4-5ABC-4046-A17B-49B53857B1F9}.Debug|Any CPU.ActiveCfg = Debug|Any CPU
		{A52D3BF4-5ABC-4046-A17B-49B53857B1F9}.Debug|Any CPU.Build.0 = Debug|Any CPU
		{A52D3BF4-5ABC-4046-A17B-49B53857B1F9}.Debug|x64.ActiveCfg = Debug|Any CPU
		{A52D3BF4-5ABC-4046-A17B-49B53857B1F9}.Debug|x64.Build.0 = Debug|Any CPU
		{A52D3BF4-5ABC-4046-A17B-49B53857B1F9}.Debug|x86.ActiveCfg = Debug|Any CPU
		{A52D3BF4-5ABC-4046-A17B-49B53857B1F9}.Debug|x86.Build.0 = Debug|Any CPU
		{A52D3BF4-5ABC-4046-A17B-49B53857B1F9}.Release|Any CPU.ActiveCfg = Release|Any CPU
		{A52D3BF4-5ABC-4046-A17B-49B53857B1F9}.Release|Any CPU.Build.0 = Release|Any CPU
		{A52D3BF4-5ABC-4046-A17B-49B53857B1F9}.Release|x64.ActiveCfg = Release|Any CPU
		{A52D3BF4-5ABC-4046-A17B-49B53857B1F9}.Release|x64.Build.0 = Release|Any CPU
		{A52D3BF4-5ABC-4046-A17B-49B53857B1F9}.Release|x86.ActiveCfg = Release|Any CPU
		{A52D3BF4-5ABC-4046-A17B-49B53857B1F9}.Release|x86.Build.0 = Release|Any CPU
		{9B6A1DE4-BA7D-4541-ACAF-83EA55E53DA4}.Debug|Any CPU.ActiveCfg = Debug|Any CPU
		{9B6A1DE4-BA7D-4541-ACAF-83EA55E53DA4}.Debug|Any CPU.Build.0 = Debug|Any CPU
		{9B6A1DE4-BA7D-4541-ACAF-83EA55E53DA4}.Debug|x64.ActiveCfg = Debug|Any CPU
		{9B6A1DE4-BA7D-4541-ACAF-83EA55E53DA4}.Debug|x64.Build.0 = Debug|Any CPU
		{9B6A1DE4-BA7D-4541-ACAF-83EA55E53DA4}.Debug|x86.ActiveCfg = Debug|Any CPU
		{9B6A1DE4-BA7D-4541-ACAF-83EA55E53DA4}.Debug|x86.Build.0 = Debug|Any CPU
		{9B6A1DE4-BA7D-4541-ACAF-83EA55E53DA4}.Release|Any CPU.ActiveCfg = Release|Any CPU
		{9B6A1DE4-BA7D-4541-ACAF-83EA55E53DA4}.Release|Any CPU.Build.0 = Release|Any CPU
		{9B6A1DE4-BA7D-4541-ACAF-83EA55E53DA4}.Release|x64.ActiveCfg = Release|Any CPU
		{9B6A1DE4-BA7D-4541-ACAF-83EA55E53DA4}.Release|x64.Build.0 = Release|Any CPU
		{9B6A1DE4-BA7D-4541-ACAF-83EA55E53DA4}.Release|x86.ActiveCfg = Release|Any CPU
		{9B6A1DE4-BA7D-4541-ACAF-83EA55E53DA4}.Release|x86.Build.0 = Release|Any CPU
		{3C241DCD-809C-434D-A7A5-615DDB73F0AC}.Debug|Any CPU.ActiveCfg = Debug|Any CPU
		{3C241DCD-809C-434D-A7A5-615DDB73F0AC}.Debug|Any CPU.Build.0 = Debug|Any CPU
		{3C241DCD-809C-434D-A7A5-615DDB73F0AC}.Debug|x64.ActiveCfg = Debug|Any CPU
		{3C241DCD-809C-434D-A7A5-615DDB73F0AC}.Debug|x64.Build.0 = Debug|Any CPU
		{3C241DCD-809C-434D-A7A5-615DDB73F0AC}.Debug|x86.ActiveCfg = Debug|Any CPU
		{3C241DCD-809C-434D-A7A5-615DDB73F0AC}.Debug|x86.Build.0 = Debug|Any CPU
		{3C241DCD-809C-434D-A7A5-615DDB73F0AC}.Release|Any CPU.ActiveCfg = Release|Any CPU
		{3C241DCD-809C-434D-A7A5-615DDB73F0AC}.Release|Any CPU.Build.0 = Release|Any CPU
		{3C241DCD-809C-434D-A7A5-615DDB73F0AC}.Release|x64.ActiveCfg = Release|Any CPU
		{3C241DCD-809C-434D-A7A5-615DDB73F0AC}.Release|x64.Build.0 = Release|Any CPU
		{3C241DCD-809C-434D-A7A5-615DDB73F0AC}.Release|x86.ActiveCfg = Release|Any CPU
		{3C241DCD-809C-434D-A7A5-615DDB73F0AC}.Release|x86.Build.0 = Release|Any CPU
		{8AF61D6E-A5FA-406D-BFCD-E3B9D6787D8C}.Debug|Any CPU.ActiveCfg = Debug|Any CPU
		{8AF61D6E-A5FA-406D-BFCD-E3B9D6787D8C}.Debug|Any CPU.Build.0 = Debug|Any CPU
		{8AF61D6E-A5FA-406D-BFCD-E3B9D6787D8C}.Debug|x64.ActiveCfg = Debug|Any CPU
		{8AF61D6E-A5FA-406D-BFCD-E3B9D6787D8C}.Debug|x64.Build.0 = Debug|Any CPU
		{8AF61D6E-A5FA-406D-BFCD-E3B9D6787D8C}.Debug|x86.ActiveCfg = Debug|Any CPU
		{8AF61D6E-A5FA-406D-BFCD-E3B9D6787D8C}.Debug|x86.Build.0 = Debug|Any CPU
		{8AF61D6E-A5FA-406D-BFCD-E3B9D6787D8C}.Release|Any CPU.ActiveCfg = Release|Any CPU
		{8AF61D6E-A5FA-406D-BFCD-E3B9D6787D8C}.Release|Any CPU.Build.0 = Release|Any CPU
		{8AF61D6E-A5FA-406D-BFCD-E3B9D6787D8C}.Release|x64.ActiveCfg = Release|Any CPU
		{8AF61D6E-A5FA-406D-BFCD-E3B9D6787D8C}.Release|x64.Build.0 = Release|Any CPU
		{8AF61D6E-A5FA-406D-BFCD-E3B9D6787D8C}.Release|x86.ActiveCfg = Release|Any CPU
		{8AF61D6E-A5FA-406D-BFCD-E3B9D6787D8C}.Release|x86.Build.0 = Release|Any CPU
		{FF4D8147-5E96-4A09-8403-13B4183CE057}.Debug|Any CPU.ActiveCfg = Debug|Any CPU
		{FF4D8147-5E96-4A09-8403-13B4183CE057}.Debug|Any CPU.Build.0 = Debug|Any CPU
		{FF4D8147-5E96-4A09-8403-13B4183CE057}.Debug|x64.ActiveCfg = Debug|Any CPU
		{FF4D8147-5E96-4A09-8403-13B4183CE057}.Debug|x64.Build.0 = Debug|Any CPU
		{FF4D8147-5E96-4A09-8403-13B4183CE057}.Debug|x86.ActiveCfg = Debug|Any CPU
		{FF4D8147-5E96-4A09-8403-13B4183CE057}.Debug|x86.Build.0 = Debug|Any CPU
		{FF4D8147-5E96-4A09-8403-13B4183CE057}.Release|Any CPU.ActiveCfg = Release|Any CPU
		{FF4D8147-5E96-4A09-8403-13B4183CE057}.Release|Any CPU.Build.0 = Release|Any CPU
		{FF4D8147-5E96-4A09-8403-13B4183CE057}.Release|x64.ActiveCfg = Release|Any CPU
		{FF4D8147-5E96-4A09-8403-13B4183CE057}.Release|x64.Build.0 = Release|Any CPU
		{FF4D8147-5E96-4A09-8403-13B4183CE057}.Release|x86.ActiveCfg = Release|Any CPU
		{FF4D8147-5E96-4A09-8403-13B4183CE057}.Release|x86.Build.0 = Release|Any CPU
		{A4F327DB-AA0A-4CD6-8C0F-24068DA02DFA}.Debug|Any CPU.ActiveCfg = Debug|Any CPU
		{A4F327DB-AA0A-4CD6-8C0F-24068DA02DFA}.Debug|Any CPU.Build.0 = Debug|Any CPU
		{A4F327DB-AA0A-4CD6-8C0F-24068DA02DFA}.Debug|x64.ActiveCfg = Debug|Any CPU
		{A4F327DB-AA0A-4CD6-8C0F-24068DA02DFA}.Debug|x64.Build.0 = Debug|Any CPU
		{A4F327DB-AA0A-4CD6-8C0F-24068DA02DFA}.Debug|x86.ActiveCfg = Debug|Any CPU
		{A4F327DB-AA0A-4CD6-8C0F-24068DA02DFA}.Debug|x86.Build.0 = Debug|Any CPU
		{A4F327DB-AA0A-4CD6-8C0F-24068DA02DFA}.Release|Any CPU.ActiveCfg = Release|Any CPU
		{A4F327DB-AA0A-4CD6-8C0F-24068DA02DFA}.Release|Any CPU.Build.0 = Release|Any CPU
		{A4F327DB-AA0A-4CD6-8C0F-24068DA02DFA}.Release|x64.ActiveCfg = Release|Any CPU
		{A4F327DB-AA0A-4CD6-8C0F-24068DA02DFA}.Release|x64.Build.0 = Release|Any CPU
		{A4F327DB-AA0A-4CD6-8C0F-24068DA02DFA}.Release|x86.ActiveCfg = Release|Any CPU
		{A4F327DB-AA0A-4CD6-8C0F-24068DA02DFA}.Release|x86.Build.0 = Release|Any CPU
		{E4DCD1DD-5395-4FAE-9308-66ABE0AFA1CA}.Debug|Any CPU.ActiveCfg = Debug|Any CPU
		{E4DCD1DD-5395-4FAE-9308-66ABE0AFA1CA}.Debug|Any CPU.Build.0 = Debug|Any CPU
		{E4DCD1DD-5395-4FAE-9308-66ABE0AFA1CA}.Debug|x64.ActiveCfg = Debug|Any CPU
		{E4DCD1DD-5395-4FAE-9308-66ABE0AFA1CA}.Debug|x64.Build.0 = Debug|Any CPU
		{E4DCD1DD-5395-4FAE-9308-66ABE0AFA1CA}.Debug|x86.ActiveCfg = Debug|Any CPU
		{E4DCD1DD-5395-4FAE-9308-66ABE0AFA1CA}.Debug|x86.Build.0 = Debug|Any CPU
		{E4DCD1DD-5395-4FAE-9308-66ABE0AFA1CA}.Release|Any CPU.ActiveCfg = Release|Any CPU
		{E4DCD1DD-5395-4FAE-9308-66ABE0AFA1CA}.Release|Any CPU.Build.0 = Release|Any CPU
		{E4DCD1DD-5395-4FAE-9308-66ABE0AFA1CA}.Release|x64.ActiveCfg = Release|Any CPU
		{E4DCD1DD-5395-4FAE-9308-66ABE0AFA1CA}.Release|x64.Build.0 = Release|Any CPU
		{E4DCD1DD-5395-4FAE-9308-66ABE0AFA1CA}.Release|x86.ActiveCfg = Release|Any CPU
		{E4DCD1DD-5395-4FAE-9308-66ABE0AFA1CA}.Release|x86.Build.0 = Release|Any CPU
		{75B5D31C-B2B8-4532-AEA3-552EDFC33618}.Debug|Any CPU.ActiveCfg = Debug|Any CPU
		{75B5D31C-B2B8-4532-AEA3-552EDFC33618}.Debug|Any CPU.Build.0 = Debug|Any CPU
		{75B5D31C-B2B8-4532-AEA3-552EDFC33618}.Debug|x64.ActiveCfg = Debug|Any CPU
		{75B5D31C-B2B8-4532-AEA3-552EDFC33618}.Debug|x64.Build.0 = Debug|Any CPU
		{75B5D31C-B2B8-4532-AEA3-552EDFC33618}.Debug|x86.ActiveCfg = Debug|Any CPU
		{75B5D31C-B2B8-4532-AEA3-552EDFC33618}.Debug|x86.Build.0 = Debug|Any CPU
		{75B5D31C-B2B8-4532-AEA3-552EDFC33618}.Release|Any CPU.ActiveCfg = Release|Any CPU
		{75B5D31C-B2B8-4532-AEA3-552EDFC33618}.Release|Any CPU.Build.0 = Release|Any CPU
		{75B5D31C-B2B8-4532-AEA3-552EDFC33618}.Release|x64.ActiveCfg = Release|Any CPU
		{75B5D31C-B2B8-4532-AEA3-552EDFC33618}.Release|x64.Build.0 = Release|Any CPU
		{75B5D31C-B2B8-4532-AEA3-552EDFC33618}.Release|x86.ActiveCfg = Release|Any CPU
		{75B5D31C-B2B8-4532-AEA3-552EDFC33618}.Release|x86.Build.0 = Release|Any CPU
		{422BB948-5671-4971-A239-C4E3EB681C8A}.Debug|Any CPU.ActiveCfg = Debug|Any CPU
		{422BB948-5671-4971-A239-C4E3EB681C8A}.Debug|Any CPU.Build.0 = Debug|Any CPU
		{422BB948-5671-4971-A239-C4E3EB681C8A}.Debug|x64.ActiveCfg = Debug|Any CPU
		{422BB948-5671-4971-A239-C4E3EB681C8A}.Debug|x64.Build.0 = Debug|Any CPU
		{422BB948-5671-4971-A239-C4E3EB681C8A}.Debug|x86.ActiveCfg = Debug|Any CPU
		{422BB948-5671-4971-A239-C4E3EB681C8A}.Debug|x86.Build.0 = Debug|Any CPU
		{422BB948-5671-4971-A239-C4E3EB681C8A}.Release|Any CPU.ActiveCfg = Release|Any CPU
		{422BB948-5671-4971-A239-C4E3EB681C8A}.Release|Any CPU.Build.0 = Release|Any CPU
		{422BB948-5671-4971-A239-C4E3EB681C8A}.Release|x64.ActiveCfg = Release|Any CPU
		{422BB948-5671-4971-A239-C4E3EB681C8A}.Release|x64.Build.0 = Release|Any CPU
		{422BB948-5671-4971-A239-C4E3EB681C8A}.Release|x86.ActiveCfg = Release|Any CPU
		{422BB948-5671-4971-A239-C4E3EB681C8A}.Release|x86.Build.0 = Release|Any CPU
		{3B36A161-C56A-4AFB-8F24-BC8D4BF1ED16}.Debug|Any CPU.ActiveCfg = Debug|Any CPU
		{3B36A161-C56A-4AFB-8F24-BC8D4BF1ED16}.Debug|Any CPU.Build.0 = Debug|Any CPU
		{3B36A161-C56A-4AFB-8F24-BC8D4BF1ED16}.Debug|x64.ActiveCfg = Debug|Any CPU
		{3B36A161-C56A-4AFB-8F24-BC8D4BF1ED16}.Debug|x64.Build.0 = Debug|Any CPU
		{3B36A161-C56A-4AFB-8F24-BC8D4BF1ED16}.Debug|x86.ActiveCfg = Debug|Any CPU
		{3B36A161-C56A-4AFB-8F24-BC8D4BF1ED16}.Debug|x86.Build.0 = Debug|Any CPU
		{3B36A161-C56A-4AFB-8F24-BC8D4BF1ED16}.Release|Any CPU.ActiveCfg = Release|Any CPU
		{3B36A161-C56A-4AFB-8F24-BC8D4BF1ED16}.Release|Any CPU.Build.0 = Release|Any CPU
		{3B36A161-C56A-4AFB-8F24-BC8D4BF1ED16}.Release|x64.ActiveCfg = Release|Any CPU
		{3B36A161-C56A-4AFB-8F24-BC8D4BF1ED16}.Release|x64.Build.0 = Release|Any CPU
		{3B36A161-C56A-4AFB-8F24-BC8D4BF1ED16}.Release|x86.ActiveCfg = Release|Any CPU
		{3B36A161-C56A-4AFB-8F24-BC8D4BF1ED16}.Release|x86.Build.0 = Release|Any CPU
		{C7DD841D-54D7-47CC-8435-0A9F314BD53A}.Debug|Any CPU.ActiveCfg = Debug|Any CPU
		{C7DD841D-54D7-47CC-8435-0A9F314BD53A}.Debug|Any CPU.Build.0 = Debug|Any CPU
		{C7DD841D-54D7-47CC-8435-0A9F314BD53A}.Debug|x64.ActiveCfg = Debug|Any CPU
		{C7DD841D-54D7-47CC-8435-0A9F314BD53A}.Debug|x64.Build.0 = Debug|Any CPU
		{C7DD841D-54D7-47CC-8435-0A9F314BD53A}.Debug|x86.ActiveCfg = Debug|Any CPU
		{C7DD841D-54D7-47CC-8435-0A9F314BD53A}.Debug|x86.Build.0 = Debug|Any CPU
		{C7DD841D-54D7-47CC-8435-0A9F314BD53A}.Release|Any CPU.ActiveCfg = Release|Any CPU
		{C7DD841D-54D7-47CC-8435-0A9F314BD53A}.Release|Any CPU.Build.0 = Release|Any CPU
		{C7DD841D-54D7-47CC-8435-0A9F314BD53A}.Release|x64.ActiveCfg = Release|Any CPU
		{C7DD841D-54D7-47CC-8435-0A9F314BD53A}.Release|x64.Build.0 = Release|Any CPU
		{C7DD841D-54D7-47CC-8435-0A9F314BD53A}.Release|x86.ActiveCfg = Release|Any CPU
		{C7DD841D-54D7-47CC-8435-0A9F314BD53A}.Release|x86.Build.0 = Release|Any CPU
		{D9E69082-BC85-4A98-8CB7-CAC571FC669A}.Debug|Any CPU.ActiveCfg = Debug|Any CPU
		{D9E69082-BC85-4A98-8CB7-CAC571FC669A}.Debug|Any CPU.Build.0 = Debug|Any CPU
		{D9E69082-BC85-4A98-8CB7-CAC571FC669A}.Debug|x64.ActiveCfg = Debug|Any CPU
		{D9E69082-BC85-4A98-8CB7-CAC571FC669A}.Debug|x64.Build.0 = Debug|Any CPU
		{D9E69082-BC85-4A98-8CB7-CAC571FC669A}.Debug|x86.ActiveCfg = Debug|Any CPU
		{D9E69082-BC85-4A98-8CB7-CAC571FC669A}.Debug|x86.Build.0 = Debug|Any CPU
		{D9E69082-BC85-4A98-8CB7-CAC571FC669A}.Release|Any CPU.ActiveCfg = Release|Any CPU
		{D9E69082-BC85-4A98-8CB7-CAC571FC669A}.Release|Any CPU.Build.0 = Release|Any CPU
		{D9E69082-BC85-4A98-8CB7-CAC571FC669A}.Release|x64.ActiveCfg = Release|Any CPU
		{D9E69082-BC85-4A98-8CB7-CAC571FC669A}.Release|x64.Build.0 = Release|Any CPU
		{D9E69082-BC85-4A98-8CB7-CAC571FC669A}.Release|x86.ActiveCfg = Release|Any CPU
		{D9E69082-BC85-4A98-8CB7-CAC571FC669A}.Release|x86.Build.0 = Release|Any CPU
		{92E7CEE3-143F-43BC-B343-5AB9095C1414}.Debug|Any CPU.ActiveCfg = Debug|Any CPU
		{92E7CEE3-143F-43BC-B343-5AB9095C1414}.Debug|Any CPU.Build.0 = Debug|Any CPU
		{92E7CEE3-143F-43BC-B343-5AB9095C1414}.Debug|x64.ActiveCfg = Debug|Any CPU
		{92E7CEE3-143F-43BC-B343-5AB9095C1414}.Debug|x64.Build.0 = Debug|Any CPU
		{92E7CEE3-143F-43BC-B343-5AB9095C1414}.Debug|x86.ActiveCfg = Debug|Any CPU
		{92E7CEE3-143F-43BC-B343-5AB9095C1414}.Debug|x86.Build.0 = Debug|Any CPU
		{92E7CEE3-143F-43BC-B343-5AB9095C1414}.Release|Any CPU.ActiveCfg = Release|Any CPU
		{92E7CEE3-143F-43BC-B343-5AB9095C1414}.Release|Any CPU.Build.0 = Release|Any CPU
		{92E7CEE3-143F-43BC-B343-5AB9095C1414}.Release|x64.ActiveCfg = Release|Any CPU
		{92E7CEE3-143F-43BC-B343-5AB9095C1414}.Release|x64.Build.0 = Release|Any CPU
		{92E7CEE3-143F-43BC-B343-5AB9095C1414}.Release|x86.ActiveCfg = Release|Any CPU
		{92E7CEE3-143F-43BC-B343-5AB9095C1414}.Release|x86.Build.0 = Release|Any CPU
		{4B5024C2-D475-4B97-BF15-5C89AEA19C23}.Debug|Any CPU.ActiveCfg = Debug|Any CPU
		{4B5024C2-D475-4B97-BF15-5C89AEA19C23}.Debug|Any CPU.Build.0 = Debug|Any CPU
		{4B5024C2-D475-4B97-BF15-5C89AEA19C23}.Debug|x64.ActiveCfg = Debug|Any CPU
		{4B5024C2-D475-4B97-BF15-5C89AEA19C23}.Debug|x64.Build.0 = Debug|Any CPU
		{4B5024C2-D475-4B97-BF15-5C89AEA19C23}.Debug|x86.ActiveCfg = Debug|Any CPU
		{4B5024C2-D475-4B97-BF15-5C89AEA19C23}.Debug|x86.Build.0 = Debug|Any CPU
		{4B5024C2-D475-4B97-BF15-5C89AEA19C23}.Release|Any CPU.ActiveCfg = Release|Any CPU
		{4B5024C2-D475-4B97-BF15-5C89AEA19C23}.Release|Any CPU.Build.0 = Release|Any CPU
		{4B5024C2-D475-4B97-BF15-5C89AEA19C23}.Release|x64.ActiveCfg = Release|Any CPU
		{4B5024C2-D475-4B97-BF15-5C89AEA19C23}.Release|x64.Build.0 = Release|Any CPU
		{4B5024C2-D475-4B97-BF15-5C89AEA19C23}.Release|x86.ActiveCfg = Release|Any CPU
		{4B5024C2-D475-4B97-BF15-5C89AEA19C23}.Release|x86.Build.0 = Release|Any CPU
		{36618BBB-6AF3-493F-83DE-841ECE96DF45}.Debug|Any CPU.ActiveCfg = Debug|Any CPU
		{36618BBB-6AF3-493F-83DE-841ECE96DF45}.Debug|Any CPU.Build.0 = Debug|Any CPU
		{36618BBB-6AF3-493F-83DE-841ECE96DF45}.Debug|x64.ActiveCfg = Debug|Any CPU
		{36618BBB-6AF3-493F-83DE-841ECE96DF45}.Debug|x64.Build.0 = Debug|Any CPU
		{36618BBB-6AF3-493F-83DE-841ECE96DF45}.Debug|x86.ActiveCfg = Debug|Any CPU
		{36618BBB-6AF3-493F-83DE-841ECE96DF45}.Debug|x86.Build.0 = Debug|Any CPU
		{36618BBB-6AF3-493F-83DE-841ECE96DF45}.Release|Any CPU.ActiveCfg = Release|Any CPU
		{36618BBB-6AF3-493F-83DE-841ECE96DF45}.Release|Any CPU.Build.0 = Release|Any CPU
		{36618BBB-6AF3-493F-83DE-841ECE96DF45}.Release|x64.ActiveCfg = Release|Any CPU
		{36618BBB-6AF3-493F-83DE-841ECE96DF45}.Release|x64.Build.0 = Release|Any CPU
		{36618BBB-6AF3-493F-83DE-841ECE96DF45}.Release|x86.ActiveCfg = Release|Any CPU
		{36618BBB-6AF3-493F-83DE-841ECE96DF45}.Release|x86.Build.0 = Release|Any CPU
		{0C5825DB-4709-4238-91A3-C5022967A73D}.Debug|Any CPU.ActiveCfg = Debug|Any CPU
		{0C5825DB-4709-4238-91A3-C5022967A73D}.Debug|Any CPU.Build.0 = Debug|Any CPU
		{0C5825DB-4709-4238-91A3-C5022967A73D}.Debug|x64.ActiveCfg = Debug|Any CPU
		{0C5825DB-4709-4238-91A3-C5022967A73D}.Debug|x64.Build.0 = Debug|Any CPU
		{0C5825DB-4709-4238-91A3-C5022967A73D}.Debug|x86.ActiveCfg = Debug|Any CPU
		{0C5825DB-4709-4238-91A3-C5022967A73D}.Debug|x86.Build.0 = Debug|Any CPU
		{0C5825DB-4709-4238-91A3-C5022967A73D}.Release|Any CPU.ActiveCfg = Release|Any CPU
		{0C5825DB-4709-4238-91A3-C5022967A73D}.Release|Any CPU.Build.0 = Release|Any CPU
		{0C5825DB-4709-4238-91A3-C5022967A73D}.Release|x64.ActiveCfg = Release|Any CPU
		{0C5825DB-4709-4238-91A3-C5022967A73D}.Release|x64.Build.0 = Release|Any CPU
		{0C5825DB-4709-4238-91A3-C5022967A73D}.Release|x86.ActiveCfg = Release|Any CPU
		{0C5825DB-4709-4238-91A3-C5022967A73D}.Release|x86.Build.0 = Release|Any CPU
		{7258E10B-4A9E-4FFA-B2C3-C683A7707925}.Debug|Any CPU.ActiveCfg = Debug|Any CPU
		{7258E10B-4A9E-4FFA-B2C3-C683A7707925}.Debug|Any CPU.Build.0 = Debug|Any CPU
		{7258E10B-4A9E-4FFA-B2C3-C683A7707925}.Debug|x64.ActiveCfg = Debug|Any CPU
		{7258E10B-4A9E-4FFA-B2C3-C683A7707925}.Debug|x64.Build.0 = Debug|Any CPU
		{7258E10B-4A9E-4FFA-B2C3-C683A7707925}.Debug|x86.ActiveCfg = Debug|Any CPU
		{7258E10B-4A9E-4FFA-B2C3-C683A7707925}.Debug|x86.Build.0 = Debug|Any CPU
		{7258E10B-4A9E-4FFA-B2C3-C683A7707925}.Release|Any CPU.ActiveCfg = Release|Any CPU
		{7258E10B-4A9E-4FFA-B2C3-C683A7707925}.Release|Any CPU.Build.0 = Release|Any CPU
		{7258E10B-4A9E-4FFA-B2C3-C683A7707925}.Release|x64.ActiveCfg = Release|Any CPU
		{7258E10B-4A9E-4FFA-B2C3-C683A7707925}.Release|x64.Build.0 = Release|Any CPU
		{7258E10B-4A9E-4FFA-B2C3-C683A7707925}.Release|x86.ActiveCfg = Release|Any CPU
		{7258E10B-4A9E-4FFA-B2C3-C683A7707925}.Release|x86.Build.0 = Release|Any CPU
		{50ACFC45-4D38-4641-BBA8-C2945A60C8D2}.Debug|Any CPU.ActiveCfg = Debug|Any CPU
		{50ACFC45-4D38-4641-BBA8-C2945A60C8D2}.Debug|Any CPU.Build.0 = Debug|Any CPU
		{50ACFC45-4D38-4641-BBA8-C2945A60C8D2}.Debug|x64.ActiveCfg = Debug|Any CPU
		{50ACFC45-4D38-4641-BBA8-C2945A60C8D2}.Debug|x64.Build.0 = Debug|Any CPU
		{50ACFC45-4D38-4641-BBA8-C2945A60C8D2}.Debug|x86.ActiveCfg = Debug|Any CPU
		{50ACFC45-4D38-4641-BBA8-C2945A60C8D2}.Debug|x86.Build.0 = Debug|Any CPU
		{50ACFC45-4D38-4641-BBA8-C2945A60C8D2}.Release|Any CPU.ActiveCfg = Release|Any CPU
		{50ACFC45-4D38-4641-BBA8-C2945A60C8D2}.Release|Any CPU.Build.0 = Release|Any CPU
		{50ACFC45-4D38-4641-BBA8-C2945A60C8D2}.Release|x64.ActiveCfg = Release|Any CPU
		{50ACFC45-4D38-4641-BBA8-C2945A60C8D2}.Release|x64.Build.0 = Release|Any CPU
		{50ACFC45-4D38-4641-BBA8-C2945A60C8D2}.Release|x86.ActiveCfg = Release|Any CPU
		{50ACFC45-4D38-4641-BBA8-C2945A60C8D2}.Release|x86.Build.0 = Release|Any CPU
		{8ECF4412-215E-483A-BBD6-220FD132260B}.Debug|Any CPU.ActiveCfg = Debug|Any CPU
		{8ECF4412-215E-483A-BBD6-220FD132260B}.Debug|Any CPU.Build.0 = Debug|Any CPU
		{8ECF4412-215E-483A-BBD6-220FD132260B}.Debug|x64.ActiveCfg = Debug|Any CPU
		{8ECF4412-215E-483A-BBD6-220FD132260B}.Debug|x64.Build.0 = Debug|Any CPU
		{8ECF4412-215E-483A-BBD6-220FD132260B}.Debug|x86.ActiveCfg = Debug|Any CPU
		{8ECF4412-215E-483A-BBD6-220FD132260B}.Debug|x86.Build.0 = Debug|Any CPU
		{8ECF4412-215E-483A-BBD6-220FD132260B}.Release|Any CPU.ActiveCfg = Release|Any CPU
		{8ECF4412-215E-483A-BBD6-220FD132260B}.Release|Any CPU.Build.0 = Release|Any CPU
		{8ECF4412-215E-483A-BBD6-220FD132260B}.Release|x64.ActiveCfg = Release|Any CPU
		{8ECF4412-215E-483A-BBD6-220FD132260B}.Release|x64.Build.0 = Release|Any CPU
		{8ECF4412-215E-483A-BBD6-220FD132260B}.Release|x86.ActiveCfg = Release|Any CPU
		{8ECF4412-215E-483A-BBD6-220FD132260B}.Release|x86.Build.0 = Release|Any CPU
		{72A14F95-FE89-4CF9-8D9F-63697FF48C26}.Debug|Any CPU.ActiveCfg = Debug|Any CPU
		{72A14F95-FE89-4CF9-8D9F-63697FF48C26}.Debug|Any CPU.Build.0 = Debug|Any CPU
		{72A14F95-FE89-4CF9-8D9F-63697FF48C26}.Debug|x64.ActiveCfg = Debug|Any CPU
		{72A14F95-FE89-4CF9-8D9F-63697FF48C26}.Debug|x64.Build.0 = Debug|Any CPU
		{72A14F95-FE89-4CF9-8D9F-63697FF48C26}.Debug|x86.ActiveCfg = Debug|Any CPU
		{72A14F95-FE89-4CF9-8D9F-63697FF48C26}.Debug|x86.Build.0 = Debug|Any CPU
		{72A14F95-FE89-4CF9-8D9F-63697FF48C26}.Release|Any CPU.ActiveCfg = Release|Any CPU
		{72A14F95-FE89-4CF9-8D9F-63697FF48C26}.Release|Any CPU.Build.0 = Release|Any CPU
		{72A14F95-FE89-4CF9-8D9F-63697FF48C26}.Release|x64.ActiveCfg = Release|Any CPU
		{72A14F95-FE89-4CF9-8D9F-63697FF48C26}.Release|x64.Build.0 = Release|Any CPU
		{72A14F95-FE89-4CF9-8D9F-63697FF48C26}.Release|x86.ActiveCfg = Release|Any CPU
		{72A14F95-FE89-4CF9-8D9F-63697FF48C26}.Release|x86.Build.0 = Release|Any CPU
		{53236FD2-5C4D-4A84-AE73-D7F3607F8B02}.Debug|Any CPU.ActiveCfg = Debug|Any CPU
		{53236FD2-5C4D-4A84-AE73-D7F3607F8B02}.Debug|Any CPU.Build.0 = Debug|Any CPU
		{53236FD2-5C4D-4A84-AE73-D7F3607F8B02}.Debug|x64.ActiveCfg = Debug|Any CPU
		{53236FD2-5C4D-4A84-AE73-D7F3607F8B02}.Debug|x64.Build.0 = Debug|Any CPU
		{53236FD2-5C4D-4A84-AE73-D7F3607F8B02}.Debug|x86.ActiveCfg = Debug|Any CPU
		{53236FD2-5C4D-4A84-AE73-D7F3607F8B02}.Debug|x86.Build.0 = Debug|Any CPU
		{53236FD2-5C4D-4A84-AE73-D7F3607F8B02}.Release|Any CPU.ActiveCfg = Release|Any CPU
		{53236FD2-5C4D-4A84-AE73-D7F3607F8B02}.Release|Any CPU.Build.0 = Release|Any CPU
		{53236FD2-5C4D-4A84-AE73-D7F3607F8B02}.Release|x64.ActiveCfg = Release|Any CPU
		{53236FD2-5C4D-4A84-AE73-D7F3607F8B02}.Release|x64.Build.0 = Release|Any CPU
		{53236FD2-5C4D-4A84-AE73-D7F3607F8B02}.Release|x86.ActiveCfg = Release|Any CPU
		{53236FD2-5C4D-4A84-AE73-D7F3607F8B02}.Release|x86.Build.0 = Release|Any CPU
		{1320083A-85BB-4EC7-802C-814B379CC92A}.Debug|Any CPU.ActiveCfg = Debug|Any CPU
		{1320083A-85BB-4EC7-802C-814B379CC92A}.Debug|Any CPU.Build.0 = Debug|Any CPU
		{1320083A-85BB-4EC7-802C-814B379CC92A}.Debug|x64.ActiveCfg = Debug|Any CPU
		{1320083A-85BB-4EC7-802C-814B379CC92A}.Debug|x64.Build.0 = Debug|Any CPU
		{1320083A-85BB-4EC7-802C-814B379CC92A}.Debug|x86.ActiveCfg = Debug|Any CPU
		{1320083A-85BB-4EC7-802C-814B379CC92A}.Debug|x86.Build.0 = Debug|Any CPU
		{1320083A-85BB-4EC7-802C-814B379CC92A}.Release|Any CPU.ActiveCfg = Release|Any CPU
		{1320083A-85BB-4EC7-802C-814B379CC92A}.Release|Any CPU.Build.0 = Release|Any CPU
		{1320083A-85BB-4EC7-802C-814B379CC92A}.Release|x64.ActiveCfg = Release|Any CPU
		{1320083A-85BB-4EC7-802C-814B379CC92A}.Release|x64.Build.0 = Release|Any CPU
		{1320083A-85BB-4EC7-802C-814B379CC92A}.Release|x86.ActiveCfg = Release|Any CPU
		{1320083A-85BB-4EC7-802C-814B379CC92A}.Release|x86.Build.0 = Release|Any CPU
		{3D22F6FE-B938-4E40-9A4B-FB6B579C4B46}.Debug|Any CPU.ActiveCfg = Debug|Any CPU
		{3D22F6FE-B938-4E40-9A4B-FB6B579C4B46}.Debug|Any CPU.Build.0 = Debug|Any CPU
		{3D22F6FE-B938-4E40-9A4B-FB6B579C4B46}.Debug|x64.ActiveCfg = Debug|Any CPU
		{3D22F6FE-B938-4E40-9A4B-FB6B579C4B46}.Debug|x64.Build.0 = Debug|Any CPU
		{3D22F6FE-B938-4E40-9A4B-FB6B579C4B46}.Debug|x86.ActiveCfg = Debug|Any CPU
		{3D22F6FE-B938-4E40-9A4B-FB6B579C4B46}.Debug|x86.Build.0 = Debug|Any CPU
		{3D22F6FE-B938-4E40-9A4B-FB6B579C4B46}.Release|Any CPU.ActiveCfg = Release|Any CPU
		{3D22F6FE-B938-4E40-9A4B-FB6B579C4B46}.Release|Any CPU.Build.0 = Release|Any CPU
		{3D22F6FE-B938-4E40-9A4B-FB6B579C4B46}.Release|x64.ActiveCfg = Release|Any CPU
		{3D22F6FE-B938-4E40-9A4B-FB6B579C4B46}.Release|x64.Build.0 = Release|Any CPU
		{3D22F6FE-B938-4E40-9A4B-FB6B579C4B46}.Release|x86.ActiveCfg = Release|Any CPU
		{3D22F6FE-B938-4E40-9A4B-FB6B579C4B46}.Release|x86.Build.0 = Release|Any CPU
		{38610D43-08D3-473A-8D3E-1E82370EDA78}.Debug|Any CPU.ActiveCfg = Debug|Any CPU
		{38610D43-08D3-473A-8D3E-1E82370EDA78}.Debug|Any CPU.Build.0 = Debug|Any CPU
		{38610D43-08D3-473A-8D3E-1E82370EDA78}.Debug|x64.ActiveCfg = Debug|Any CPU
		{38610D43-08D3-473A-8D3E-1E82370EDA78}.Debug|x64.Build.0 = Debug|Any CPU
		{38610D43-08D3-473A-8D3E-1E82370EDA78}.Debug|x86.ActiveCfg = Debug|Any CPU
		{38610D43-08D3-473A-8D3E-1E82370EDA78}.Debug|x86.Build.0 = Debug|Any CPU
		{38610D43-08D3-473A-8D3E-1E82370EDA78}.Release|Any CPU.ActiveCfg = Release|Any CPU
		{38610D43-08D3-473A-8D3E-1E82370EDA78}.Release|Any CPU.Build.0 = Release|Any CPU
		{38610D43-08D3-473A-8D3E-1E82370EDA78}.Release|x64.ActiveCfg = Release|Any CPU
		{38610D43-08D3-473A-8D3E-1E82370EDA78}.Release|x64.Build.0 = Release|Any CPU
		{38610D43-08D3-473A-8D3E-1E82370EDA78}.Release|x86.ActiveCfg = Release|Any CPU
		{38610D43-08D3-473A-8D3E-1E82370EDA78}.Release|x86.Build.0 = Release|Any CPU
		{3E54D9CE-496D-4A58-9B3E-CE2E0A8E9761}.Debug|Any CPU.ActiveCfg = Debug|Any CPU
		{3E54D9CE-496D-4A58-9B3E-CE2E0A8E9761}.Debug|Any CPU.Build.0 = Debug|Any CPU
		{3E54D9CE-496D-4A58-9B3E-CE2E0A8E9761}.Debug|x64.ActiveCfg = Debug|Any CPU
		{3E54D9CE-496D-4A58-9B3E-CE2E0A8E9761}.Debug|x64.Build.0 = Debug|Any CPU
		{3E54D9CE-496D-4A58-9B3E-CE2E0A8E9761}.Debug|x86.ActiveCfg = Debug|Any CPU
		{3E54D9CE-496D-4A58-9B3E-CE2E0A8E9761}.Debug|x86.Build.0 = Debug|Any CPU
		{3E54D9CE-496D-4A58-9B3E-CE2E0A8E9761}.Release|Any CPU.ActiveCfg = Release|Any CPU
		{3E54D9CE-496D-4A58-9B3E-CE2E0A8E9761}.Release|Any CPU.Build.0 = Release|Any CPU
		{3E54D9CE-496D-4A58-9B3E-CE2E0A8E9761}.Release|x64.ActiveCfg = Release|Any CPU
		{3E54D9CE-496D-4A58-9B3E-CE2E0A8E9761}.Release|x64.Build.0 = Release|Any CPU
		{3E54D9CE-496D-4A58-9B3E-CE2E0A8E9761}.Release|x86.ActiveCfg = Release|Any CPU
		{3E54D9CE-496D-4A58-9B3E-CE2E0A8E9761}.Release|x86.Build.0 = Release|Any CPU
	EndGlobalSection
	GlobalSection(SolutionProperties) = preSolution
		HideSolutionNode = FALSE
	EndGlobalSection
	GlobalSection(NestedProjects) = preSolution
		{F2D1726E-4562-4056-AB41-7C8B5BC478A2} = {C323DC44-B0B6-408C-BFB9-9D0D81966223}
		{58EC92E9-DB34-4F7E-BB79-67CE284F76FA} = {F2D1726E-4562-4056-AB41-7C8B5BC478A2}
		{4079CC7B-EDC3-4C42-9869-0EB7871FEE46} = {F2D1726E-4562-4056-AB41-7C8B5BC478A2}
		{D8B3D76D-C040-4279-921E-1C98DA1AA073} = {F2D1726E-4562-4056-AB41-7C8B5BC478A2}
		{C357110E-3DBC-4980-90AA-7A1CBCE8516E} = {9D36F145-3EB9-4D6C-9930-10362B012FAE}
		{D675BEC2-9F0D-40E1-B792-F54B5AB20F98} = {C357110E-3DBC-4980-90AA-7A1CBCE8516E}
		{1A05F0A6-BB53-403F-99EC-0869AB53C2EC} = {CFDF7738-D52D-4D4D-89FC-2E751C72CBC8}
		{1804C37F-E3A7-4BB0-8D8D-2B3AF14C1951} = {1A05F0A6-BB53-403F-99EC-0869AB53C2EC}
		{438F8E68-66BD-46F9-A3DF-55846FB3747D} = {C323DC44-B0B6-408C-BFB9-9D0D81966223}
		{13A3F3F7-BCFF-42D0-8B39-260A7FAA682E} = {438F8E68-66BD-46F9-A3DF-55846FB3747D}
		{895512B6-18D2-4471-BC8C-743E5CD7E940} = {438F8E68-66BD-46F9-A3DF-55846FB3747D}
		{08A82DA5-C622-416E-BB6D-CA619447BB9C} = {438F8E68-66BD-46F9-A3DF-55846FB3747D}
		{F11BC21F-AB38-4352-B4B8-5E2A9C5009B1} = {438F8E68-66BD-46F9-A3DF-55846FB3747D}
		{B13BEB28-5D9E-450B-B625-D101C169070B} = {9D36F145-3EB9-4D6C-9930-10362B012FAE}
		{BCEE3522-2A05-4A06-88D9-43897D2DC7C3} = {B13BEB28-5D9E-450B-B625-D101C169070B}
		{A7CC4A0E-50EF-4931-A5F7-32C837564AB2} = {CFDF7738-D52D-4D4D-89FC-2E751C72CBC8}
		{6A493F76-AB32-42CE-8B0A-E0F72662F030} = {A7CC4A0E-50EF-4931-A5F7-32C837564AB2}
		{24BAEE83-A173-445E-9BA0-54A85718C4A0} = {272B931A-7171-4D62-9A63-1BE7B489C197}
		{CCC84CFE-B4BE-43FE-9A6D-32E5EDFCF323} = {24BAEE83-A173-445E-9BA0-54A85718C4A0}
		{12F3CA60-D16E-4FCC-87FF-3920A9568572} = {272B931A-7171-4D62-9A63-1BE7B489C197}
		{B0D46EE6-4FE3-48A5-9C01-2AA0E758BF6E} = {12F3CA60-D16E-4FCC-87FF-3920A9568572}
		{4F7CA7B4-AB98-466B-88AB-54064737D26B} = {AB2CEC02-0737-4FCD-8C08-9C0E57642CB1}
		{31B34BAD-0163-4117-861D-CEA9BD021D9C} = {4F7CA7B4-AB98-466B-88AB-54064737D26B}
		{E643A4EC-0082-4F10-88A2-456188B2228A} = {4F7CA7B4-AB98-466B-88AB-54064737D26B}
		{9BA72E50-C7B0-43A8-A7D0-E01AAD8C66CC} = {AB2CEC02-0737-4FCD-8C08-9C0E57642CB1}
		{ACE42B11-6616-40F9-9197-57AF73FFBA62} = {9BA72E50-C7B0-43A8-A7D0-E01AAD8C66CC}
		{9751BE00-4BED-43DB-8A95-FEDAE60940EE} = {9BA72E50-C7B0-43A8-A7D0-E01AAD8C66CC}
		{E056D25C-C4E5-46CB-8353-E7AF71C14EC6} = {B1C38B87-BF64-4755-904B-1D3AE13507FE}
		{A992F6FC-7758-4716-B739-B2A4E655FCAF} = {E056D25C-C4E5-46CB-8353-E7AF71C14EC6}
		{14E2162C-C451-4C28-BCF3-5B67A9283F12} = {B1C38B87-BF64-4755-904B-1D3AE13507FE}
		{A52D3BF4-5ABC-4046-A17B-49B53857B1F9} = {14E2162C-C451-4C28-BCF3-5B67A9283F12}
		{44A4120C-E86A-4407-BD55-600A50B9BFE3} = {537994F9-C643-4AFB-AF73-CB95DAC5EF6A}
		{9B6A1DE4-BA7D-4541-ACAF-83EA55E53DA4} = {44A4120C-E86A-4407-BD55-600A50B9BFE3}
		{D43B4513-BABA-49DB-A6DD-D72510415D8D} = {537994F9-C643-4AFB-AF73-CB95DAC5EF6A}
		{3C241DCD-809C-434D-A7A5-615DDB73F0AC} = {D43B4513-BABA-49DB-A6DD-D72510415D8D}
		{6696D37A-CBAF-4C42-A368-9804CE8995A5} = {875C8892-6ECC-4003-A2E7-262309BAC0E0}
		{8AF61D6E-A5FA-406D-BFCD-E3B9D6787D8C} = {6696D37A-CBAF-4C42-A368-9804CE8995A5}
		{E5AE3C59-D8CA-4A06-947D-833FACB78E4E} = {875C8892-6ECC-4003-A2E7-262309BAC0E0}
		{FF4D8147-5E96-4A09-8403-13B4183CE057} = {E5AE3C59-D8CA-4A06-947D-833FACB78E4E}
		{AD877615-1960-47BA-A100-4533EE609800} = {D8BCD8A1-3E5B-49EE-81BC-A2EA3B94F29E}
		{A4F327DB-AA0A-4CD6-8C0F-24068DA02DFA} = {AD877615-1960-47BA-A100-4533EE609800}
		{BE66DB7D-4E1D-4550-8BFB-34F27C07E7A7} = {D8BCD8A1-3E5B-49EE-81BC-A2EA3B94F29E}
		{E4DCD1DD-5395-4FAE-9308-66ABE0AFA1CA} = {BE66DB7D-4E1D-4550-8BFB-34F27C07E7A7}
		{DB2B8F4B-EBC6-4C31-A890-775DBD9DE04C} = {33785BAF-316A-42BB-A333-A133CB12740D}
		{75B5D31C-B2B8-4532-AEA3-552EDFC33618} = {DB2B8F4B-EBC6-4C31-A890-775DBD9DE04C}
		{422BB948-5671-4971-A239-C4E3EB681C8A} = {DB2B8F4B-EBC6-4C31-A890-775DBD9DE04C}
		{3B36A161-C56A-4AFB-8F24-BC8D4BF1ED16} = {DB2B8F4B-EBC6-4C31-A890-775DBD9DE04C}
		{C7DD841D-54D7-47CC-8435-0A9F314BD53A} = {DB2B8F4B-EBC6-4C31-A890-775DBD9DE04C}
		{59115314-8AD5-4D35-A1A0-A3B7FBAAF68F} = {BEA90512-B868-4AFF-831E-53F3307E6BB4}
		{D9E69082-BC85-4A98-8CB7-CAC571FC669A} = {59115314-8AD5-4D35-A1A0-A3B7FBAAF68F}
		{92E7CEE3-143F-43BC-B343-5AB9095C1414} = {59115314-8AD5-4D35-A1A0-A3B7FBAAF68F}
		{A592C296-D372-4AE9-A429-C80337EC937F} = {46893A08-1D40-4063-AC22-D7D9FF80E914}
		{4B5024C2-D475-4B97-BF15-5C89AEA19C23} = {A592C296-D372-4AE9-A429-C80337EC937F}
		{36618BBB-6AF3-493F-83DE-841ECE96DF45} = {A592C296-D372-4AE9-A429-C80337EC937F}
		{09EDCBD5-11BD-4149-8B5A-9E8723F57D8E} = {EB3F0A53-A92B-4A7E-A58E-1575685D56D2}
		{0C5825DB-4709-4238-91A3-C5022967A73D} = {09EDCBD5-11BD-4149-8B5A-9E8723F57D8E}
		{D98E38DF-4824-4ABC-9FF1-824A7C341BB4} = {153039F8-72D8-49F0-90CA-0F7880A09313}
		{3E955A4E-DA9E-4FF3-B0B3-81829D43FBF3} = {BEA90512-B868-4AFF-831E-53F3307E6BB4}
		{7258E10B-4A9E-4FFA-B2C3-C683A7707925} = {3E955A4E-DA9E-4FF3-B0B3-81829D43FBF3}
		{50ACFC45-4D38-4641-BBA8-C2945A60C8D2} = {3E955A4E-DA9E-4FF3-B0B3-81829D43FBF3}
		{D5DF0C3C-154E-41A1-83F3-70DFAC9631A4} = {46893A08-1D40-4063-AC22-D7D9FF80E914}
		{8ECF4412-215E-483A-BBD6-220FD132260B} = {D5DF0C3C-154E-41A1-83F3-70DFAC9631A4}
		{72A14F95-FE89-4CF9-8D9F-63697FF48C26} = {D5DF0C3C-154E-41A1-83F3-70DFAC9631A4}
		{44E643CE-25E4-46EE-BEA0-A07C10A96CFD} = {33785BAF-316A-42BB-A333-A133CB12740D}
		{53236FD2-5C4D-4A84-AE73-D7F3607F8B02} = {44E643CE-25E4-46EE-BEA0-A07C10A96CFD}
		{1320083A-85BB-4EC7-802C-814B379CC92A} = {44E643CE-25E4-46EE-BEA0-A07C10A96CFD}
		{3D22F6FE-B938-4E40-9A4B-FB6B579C4B46} = {44E643CE-25E4-46EE-BEA0-A07C10A96CFD}
		{38610D43-08D3-473A-8D3E-1E82370EDA78} = {44E643CE-25E4-46EE-BEA0-A07C10A96CFD}
		{3E54D9CE-496D-4A58-9B3E-CE2E0A8E9761} = {44E643CE-25E4-46EE-BEA0-A07C10A96CFD}
	EndGlobalSection
	GlobalSection(ExtensibilityGlobals) = postSolution
		SolutionGuid = {FE3E4B96-D77C-46B9-ABEF-CEAB697E68DC}
	EndGlobalSection
EndGlobal
